// !$*UTF8*$!
{
	archiveVersion = 1;
	classes = {
	};
	objectVersion = 46;
	objects = {

/* Begin PBXBuildFile section */
		68FAC8AB1E0E120100091B50 /* main.m in Sources */ = {isa = PBXBuildFile; fileRef = 68FAC8AA1E0E120100091B50 /* main.m */; };
		68FAC8AE1E0E120100091B50 /* AppDelegate.m in Sources */ = {isa = PBXBuildFile; fileRef = 68FAC8AD1E0E120100091B50 /* AppDelegate.m */; };
		68FAC8B11E0E120100091B50 /* ViewController.m in Sources */ = {isa = PBXBuildFile; fileRef = 68FAC8B01E0E120100091B50 /* ViewController.m */; };
		68FAC8B41E0E120100091B50 /* Main.storyboard in Resources */ = {isa = PBXBuildFile; fileRef = 68FAC8B21E0E120100091B50 /* Main.storyboard */; };
		68FAC8B61E0E120100091B50 /* Assets.xcassets in Resources */ = {isa = PBXBuildFile; fileRef = 68FAC8B51E0E120100091B50 /* Assets.xcassets */; };
		68FAC8B91E0E120100091B50 /* LaunchScreen.storyboard in Resources */ = {isa = PBXBuildFile; fileRef = 68FAC8B71E0E120100091B50 /* LaunchScreen.storyboard */; };
		68FAC8C41E0E120100091B50 /* MVCOfReadableCodeTests.m in Sources */ = {isa = PBXBuildFile; fileRef = 68FAC8C31E0E120100091B50 /* MVCOfReadableCodeTests.m */; };
		68FAC8CF1E0E120100091B50 /* MVCOfReadableCodeUITests.m in Sources */ = {isa = PBXBuildFile; fileRef = 68FAC8CE1E0E120100091B50 /* MVCOfReadableCodeUITests.m */; };
		68FAC8E21E0E12C100091B50 /* PGFeedViewController.m in Sources */ = {isa = PBXBuildFile; fileRef = 68FAC8E11E0E12C100091B50 /* PGFeedViewController.m */; };
		68FAC8EB1E0E14AA00091B50 /* PGFeedModel.m in Sources */ = {isa = PBXBuildFile; fileRef = 68FAC8EA1E0E14AA00091B50 /* PGFeedModel.m */; };
		68FAC8FF1E0E206100091B50 /* PGViewEventsHandler.m in Sources */ = {isa = PBXBuildFile; fileRef = 68FAC8FC1E0E206100091B50 /* PGViewEventsHandler.m */; };
		68FAC9001E0E206100091B50 /* PGViewEventsParamPON.m in Sources */ = {isa = PBXBuildFile; fileRef = 68FAC8FE1E0E206100091B50 /* PGViewEventsParamPON.m */; };
		68FAC9471E0E6BF900091B50 /* PGFeedView.m in Sources */ = {isa = PBXBuildFile; fileRef = 68FAC9321E0E6BF900091B50 /* PGFeedView.m */; };
		68FAC9481E0E6BF900091B50 /* PGFeedInputView.m in Sources */ = {isa = PBXBuildFile; fileRef = 68FAC9361E0E6BF900091B50 /* PGFeedInputView.m */; };
		68FAC9491E0E6BF900091B50 /* PGFeedInputDownloadEmojiView.m in Sources */ = {isa = PBXBuildFile; fileRef = 68FAC93A1E0E6BF900091B50 /* PGFeedInputDownloadEmojiView.m */; };
		68FAC94A1E0E6BF900091B50 /* PGFeedInputEmojiToolbarView.m in Sources */ = {isa = PBXBuildFile; fileRef = 68FAC93D1E0E6BF900091B50 /* PGFeedInputEmojiToolbarView.m */; };
		68FAC94B1E0E6BF900091B50 /* PGFeedInputEmojiView.m in Sources */ = {isa = PBXBuildFile; fileRef = 68FAC9401E0E6BF900091B50 /* PGFeedInputEmojiView.m */; };
		68FAC94C1E0E6BF900091B50 /* PGFeedInputEmojiPanelView.m in Sources */ = {isa = PBXBuildFile; fileRef = 68FAC9431E0E6BF900091B50 /* PGFeedInputEmojiPanelView.m */; };
		68FAC94D1E0E6BF900091B50 /* PGFeedInputTextBarView.m in Sources */ = {isa = PBXBuildFile; fileRef = 68FAC9461E0E6BF900091B50 /* PGFeedInputTextBarView.m */; };
		68FAC9531E0EAE5300091B50 /* UIButtonAdditions.m in Sources */ = {isa = PBXBuildFile; fileRef = 68FAC9521E0EAE5300091B50 /* UIButtonAdditions.m */; };
		68FAC9571E0EAE9000091B50 /* UIView+Layout.m in Sources */ = {isa = PBXBuildFile; fileRef = 68FAC9561E0EAE9000091B50 /* UIView+Layout.m */; };
		68FAC95C1E0EB2AB00091B50 /* PGFeedTableView.m in Sources */ = {isa = PBXBuildFile; fileRef = 68FAC95B1E0EB2AB00091B50 /* PGFeedTableView.m */; };
		68FAC95F1E0EB67F00091B50 /* PGFeedPublishTableHeaderView.m in Sources */ = {isa = PBXBuildFile; fileRef = 68FAC95E1E0EB67F00091B50 /* PGFeedPublishTableHeaderView.m */; };
		68FAC9621E0EB6C000091B50 /* PGFeedPublishUserInfoView.m in Sources */ = {isa = PBXBuildFile; fileRef = 68FAC9611E0EB6C000091B50 /* PGFeedPublishUserInfoView.m */; };
		68FAC9651E0EB6D200091B50 /* PGFeedPublishLikesView.m in Sources */ = {isa = PBXBuildFile; fileRef = 68FAC9641E0EB6D200091B50 /* PGFeedPublishLikesView.m */; };
		68FAC9681E0EB6ED00091B50 /* PGFeedPublishImagesView.m in Sources */ = {isa = PBXBuildFile; fileRef = 68FAC9671E0EB6ED00091B50 /* PGFeedPublishImagesView.m */; };
		68FAC96B1E0EB81F00091B50 /* PGFeedTableViewCell.m in Sources */ = {isa = PBXBuildFile; fileRef = 68FAC96A1E0EB81F00091B50 /* PGFeedTableViewCell.m */; };
/* End PBXBuildFile section */

/* Begin PBXContainerItemProxy section */
		68FAC8C01E0E120100091B50 /* PBXContainerItemProxy */ = {
			isa = PBXContainerItemProxy;
			containerPortal = 68FAC89E1E0E120100091B50 /* Project object */;
			proxyType = 1;
			remoteGlobalIDString = 68FAC8A51E0E120100091B50;
			remoteInfo = MVCOfReadableCode;
		};
		68FAC8CB1E0E120100091B50 /* PBXContainerItemProxy */ = {
			isa = PBXContainerItemProxy;
			containerPortal = 68FAC89E1E0E120100091B50 /* Project object */;
			proxyType = 1;
			remoteGlobalIDString = 68FAC8A51E0E120100091B50;
			remoteInfo = MVCOfReadableCode;
		};
/* End PBXContainerItemProxy section */

/* Begin PBXFileReference section */
		68FAC8A61E0E120100091B50 /* MVCOfReadableCode.app */ = {isa = PBXFileReference; explicitFileType = wrapper.application; includeInIndex = 0; path = MVCOfReadableCode.app; sourceTree = BUILT_PRODUCTS_DIR; };
		68FAC8AA1E0E120100091B50 /* main.m */ = {isa = PBXFileReference; lastKnownFileType = sourcecode.c.objc; path = main.m; sourceTree = "<group>"; };
		68FAC8AC1E0E120100091B50 /* AppDelegate.h */ = {isa = PBXFileReference; lastKnownFileType = sourcecode.c.h; path = AppDelegate.h; sourceTree = "<group>"; };
		68FAC8AD1E0E120100091B50 /* AppDelegate.m */ = {isa = PBXFileReference; lastKnownFileType = sourcecode.c.objc; path = AppDelegate.m; sourceTree = "<group>"; };
		68FAC8AF1E0E120100091B50 /* ViewController.h */ = {isa = PBXFileReference; lastKnownFileType = sourcecode.c.h; path = ViewController.h; sourceTree = "<group>"; };
		68FAC8B01E0E120100091B50 /* ViewController.m */ = {isa = PBXFileReference; lastKnownFileType = sourcecode.c.objc; path = ViewController.m; sourceTree = "<group>"; };
		68FAC8B31E0E120100091B50 /* Base */ = {isa = PBXFileReference; lastKnownFileType = file.storyboard; name = Base; path = Base.lproj/Main.storyboard; sourceTree = "<group>"; };
		68FAC8B51E0E120100091B50 /* Assets.xcassets */ = {isa = PBXFileReference; lastKnownFileType = folder.assetcatalog; path = Assets.xcassets; sourceTree = "<group>"; };
		68FAC8B81E0E120100091B50 /* Base */ = {isa = PBXFileReference; lastKnownFileType = file.storyboard; name = Base; path = Base.lproj/LaunchScreen.storyboard; sourceTree = "<group>"; };
		68FAC8BA1E0E120100091B50 /* Info.plist */ = {isa = PBXFileReference; lastKnownFileType = text.plist.xml; path = Info.plist; sourceTree = "<group>"; };
		68FAC8BF1E0E120100091B50 /* MVCOfReadableCodeTests.xctest */ = {isa = PBXFileReference; explicitFileType = wrapper.cfbundle; includeInIndex = 0; path = MVCOfReadableCodeTests.xctest; sourceTree = BUILT_PRODUCTS_DIR; };
		68FAC8C31E0E120100091B50 /* MVCOfReadableCodeTests.m */ = {isa = PBXFileReference; lastKnownFileType = sourcecode.c.objc; path = MVCOfReadableCodeTests.m; sourceTree = "<group>"; };
		68FAC8C51E0E120100091B50 /* Info.plist */ = {isa = PBXFileReference; lastKnownFileType = text.plist.xml; path = Info.plist; sourceTree = "<group>"; };
		68FAC8CA1E0E120100091B50 /* MVCOfReadableCodeUITests.xctest */ = {isa = PBXFileReference; explicitFileType = wrapper.cfbundle; includeInIndex = 0; path = MVCOfReadableCodeUITests.xctest; sourceTree = BUILT_PRODUCTS_DIR; };
		68FAC8CE1E0E120100091B50 /* MVCOfReadableCodeUITests.m */ = {isa = PBXFileReference; lastKnownFileType = sourcecode.c.objc; path = MVCOfReadableCodeUITests.m; sourceTree = "<group>"; };
		68FAC8D01E0E120100091B50 /* Info.plist */ = {isa = PBXFileReference; lastKnownFileType = text.plist.xml; path = Info.plist; sourceTree = "<group>"; };
		68FAC8E01E0E12C100091B50 /* PGFeedViewController.h */ = {isa = PBXFileReference; fileEncoding = 4; lastKnownFileType = sourcecode.c.h; path = PGFeedViewController.h; sourceTree = "<group>"; };
		68FAC8E11E0E12C100091B50 /* PGFeedViewController.m */ = {isa = PBXFileReference; fileEncoding = 4; lastKnownFileType = sourcecode.c.objc; path = PGFeedViewController.m; sourceTree = "<group>"; };
		68FAC8E91E0E14AA00091B50 /* PGFeedModel.h */ = {isa = PBXFileReference; fileEncoding = 4; lastKnownFileType = sourcecode.c.h; path = PGFeedModel.h; sourceTree = "<group>"; };
		68FAC8EA1E0E14AA00091B50 /* PGFeedModel.m */ = {isa = PBXFileReference; fileEncoding = 4; lastKnownFileType = sourcecode.c.objc; path = PGFeedModel.m; sourceTree = "<group>"; };
		68FAC8FB1E0E206100091B50 /* PGViewEventsHandler.h */ = {isa = PBXFileReference; fileEncoding = 4; lastKnownFileType = sourcecode.c.h; path = PGViewEventsHandler.h; sourceTree = "<group>"; };
		68FAC8FC1E0E206100091B50 /* PGViewEventsHandler.m */ = {isa = PBXFileReference; fileEncoding = 4; lastKnownFileType = sourcecode.c.objc; path = PGViewEventsHandler.m; sourceTree = "<group>"; };
		68FAC8FD1E0E206100091B50 /* PGViewEventsParamPON.h */ = {isa = PBXFileReference; fileEncoding = 4; lastKnownFileType = sourcecode.c.h; path = PGViewEventsParamPON.h; sourceTree = "<group>"; };
		68FAC8FE1E0E206100091B50 /* PGViewEventsParamPON.m */ = {isa = PBXFileReference; fileEncoding = 4; lastKnownFileType = sourcecode.c.objc; path = PGViewEventsParamPON.m; sourceTree = "<group>"; };
		68FAC9311E0E6BF900091B50 /* PGFeedView.h */ = {isa = PBXFileReference; fileEncoding = 4; lastKnownFileType = sourcecode.c.h; path = PGFeedView.h; sourceTree = "<group>"; };
		68FAC9321E0E6BF900091B50 /* PGFeedView.m */ = {isa = PBXFileReference; fileEncoding = 4; lastKnownFileType = sourcecode.c.objc; path = PGFeedView.m; sourceTree = "<group>"; };
		68FAC9351E0E6BF900091B50 /* PGFeedInputView.h */ = {isa = PBXFileReference; fileEncoding = 4; lastKnownFileType = sourcecode.c.h; path = PGFeedInputView.h; sourceTree = "<group>"; };
		68FAC9361E0E6BF900091B50 /* PGFeedInputView.m */ = {isa = PBXFileReference; fileEncoding = 4; lastKnownFileType = sourcecode.c.objc; path = PGFeedInputView.m; sourceTree = "<group>"; };
		68FAC9391E0E6BF900091B50 /* PGFeedInputDownloadEmojiView.h */ = {isa = PBXFileReference; fileEncoding = 4; lastKnownFileType = sourcecode.c.h; path = PGFeedInputDownloadEmojiView.h; sourceTree = "<group>"; };
		68FAC93A1E0E6BF900091B50 /* PGFeedInputDownloadEmojiView.m */ = {isa = PBXFileReference; fileEncoding = 4; lastKnownFileType = sourcecode.c.objc; path = PGFeedInputDownloadEmojiView.m; sourceTree = "<group>"; };
		68FAC93C1E0E6BF900091B50 /* PGFeedInputEmojiToolbarView.h */ = {isa = PBXFileReference; fileEncoding = 4; lastKnownFileType = sourcecode.c.h; path = PGFeedInputEmojiToolbarView.h; sourceTree = "<group>"; };
		68FAC93D1E0E6BF900091B50 /* PGFeedInputEmojiToolbarView.m */ = {isa = PBXFileReference; fileEncoding = 4; lastKnownFileType = sourcecode.c.objc; path = PGFeedInputEmojiToolbarView.m; sourceTree = "<group>"; };
		68FAC93F1E0E6BF900091B50 /* PGFeedInputEmojiView.h */ = {isa = PBXFileReference; fileEncoding = 4; lastKnownFileType = sourcecode.c.h; path = PGFeedInputEmojiView.h; sourceTree = "<group>"; };
		68FAC9401E0E6BF900091B50 /* PGFeedInputEmojiView.m */ = {isa = PBXFileReference; fileEncoding = 4; lastKnownFileType = sourcecode.c.objc; path = PGFeedInputEmojiView.m; sourceTree = "<group>"; };
		68FAC9421E0E6BF900091B50 /* PGFeedInputEmojiPanelView.h */ = {isa = PBXFileReference; fileEncoding = 4; lastKnownFileType = sourcecode.c.h; path = PGFeedInputEmojiPanelView.h; sourceTree = "<group>"; };
		68FAC9431E0E6BF900091B50 /* PGFeedInputEmojiPanelView.m */ = {isa = PBXFileReference; fileEncoding = 4; lastKnownFileType = sourcecode.c.objc; path = PGFeedInputEmojiPanelView.m; sourceTree = "<group>"; };
		68FAC9451E0E6BF900091B50 /* PGFeedInputTextBarView.h */ = {isa = PBXFileReference; fileEncoding = 4; lastKnownFileType = sourcecode.c.h; path = PGFeedInputTextBarView.h; sourceTree = "<group>"; };
		68FAC9461E0E6BF900091B50 /* PGFeedInputTextBarView.m */ = {isa = PBXFileReference; fileEncoding = 4; lastKnownFileType = sourcecode.c.objc; path = PGFeedInputTextBarView.m; sourceTree = "<group>"; };
		68FAC9511E0EAE5300091B50 /* UIButtonAdditions.h */ = {isa = PBXFileReference; fileEncoding = 4; lastKnownFileType = sourcecode.c.h; path = UIButtonAdditions.h; sourceTree = "<group>"; };
		68FAC9521E0EAE5300091B50 /* UIButtonAdditions.m */ = {isa = PBXFileReference; fileEncoding = 4; lastKnownFileType = sourcecode.c.objc; path = UIButtonAdditions.m; sourceTree = "<group>"; };
		68FAC9551E0EAE9000091B50 /* UIView+Layout.h */ = {isa = PBXFileReference; fileEncoding = 4; lastKnownFileType = sourcecode.c.h; path = "UIView+Layout.h"; sourceTree = "<group>"; };
		68FAC9561E0EAE9000091B50 /* UIView+Layout.m */ = {isa = PBXFileReference; fileEncoding = 4; lastKnownFileType = sourcecode.c.objc; path = "UIView+Layout.m"; sourceTree = "<group>"; };
		68FAC9581E0EAF3A00091B50 /* MVCOfReadableCode.pch */ = {isa = PBXFileReference; lastKnownFileType = sourcecode.c.h; path = MVCOfReadableCode.pch; sourceTree = "<group>"; };
		68FAC95A1E0EB2AB00091B50 /* PGFeedTableView.h */ = {isa = PBXFileReference; fileEncoding = 4; lastKnownFileType = sourcecode.c.h; path = PGFeedTableView.h; sourceTree = "<group>"; };
		68FAC95B1E0EB2AB00091B50 /* PGFeedTableView.m */ = {isa = PBXFileReference; fileEncoding = 4; lastKnownFileType = sourcecode.c.objc; path = PGFeedTableView.m; sourceTree = "<group>"; };
		68FAC95D1E0EB67F00091B50 /* PGFeedPublishTableHeaderView.h */ = {isa = PBXFileReference; fileEncoding = 4; lastKnownFileType = sourcecode.c.h; path = PGFeedPublishTableHeaderView.h; sourceTree = "<group>"; };
		68FAC95E1E0EB67F00091B50 /* PGFeedPublishTableHeaderView.m */ = {isa = PBXFileReference; fileEncoding = 4; lastKnownFileType = sourcecode.c.objc; path = PGFeedPublishTableHeaderView.m; sourceTree = "<group>"; };
		68FAC9601E0EB6C000091B50 /* PGFeedPublishUserInfoView.h */ = {isa = PBXFileReference; fileEncoding = 4; lastKnownFileType = sourcecode.c.h; path = PGFeedPublishUserInfoView.h; sourceTree = "<group>"; };
		68FAC9611E0EB6C000091B50 /* PGFeedPublishUserInfoView.m */ = {isa = PBXFileReference; fileEncoding = 4; lastKnownFileType = sourcecode.c.objc; path = PGFeedPublishUserInfoView.m; sourceTree = "<group>"; };
		68FAC9631E0EB6D200091B50 /* PGFeedPublishLikesView.h */ = {isa = PBXFileReference; fileEncoding = 4; lastKnownFileType = sourcecode.c.h; path = PGFeedPublishLikesView.h; sourceTree = "<group>"; };
		68FAC9641E0EB6D200091B50 /* PGFeedPublishLikesView.m */ = {isa = PBXFileReference; fileEncoding = 4; lastKnownFileType = sourcecode.c.objc; path = PGFeedPublishLikesView.m; sourceTree = "<group>"; };
		68FAC9661E0EB6ED00091B50 /* PGFeedPublishImagesView.h */ = {isa = PBXFileReference; fileEncoding = 4; lastKnownFileType = sourcecode.c.h; path = PGFeedPublishImagesView.h; sourceTree = "<group>"; };
		68FAC9671E0EB6ED00091B50 /* PGFeedPublishImagesView.m */ = {isa = PBXFileReference; fileEncoding = 4; lastKnownFileType = sourcecode.c.objc; path = PGFeedPublishImagesView.m; sourceTree = "<group>"; };
		68FAC9691E0EB81F00091B50 /* PGFeedTableViewCell.h */ = {isa = PBXFileReference; fileEncoding = 4; lastKnownFileType = sourcecode.c.h; path = PGFeedTableViewCell.h; sourceTree = "<group>"; };
		68FAC96A1E0EB81F00091B50 /* PGFeedTableViewCell.m */ = {isa = PBXFileReference; fileEncoding = 4; lastKnownFileType = sourcecode.c.objc; path = PGFeedTableViewCell.m; sourceTree = "<group>"; };
/* End PBXFileReference section */

/* Begin PBXFrameworksBuildPhase section */
		68FAC8A31E0E120100091B50 /* Frameworks */ = {
			isa = PBXFrameworksBuildPhase;
			buildActionMask = 2147483647;
			files = (
			);
			runOnlyForDeploymentPostprocessing = 0;
		};
		68FAC8BC1E0E120100091B50 /* Frameworks */ = {
			isa = PBXFrameworksBuildPhase;
			buildActionMask = 2147483647;
			files = (
			);
			runOnlyForDeploymentPostprocessing = 0;
		};
		68FAC8C71E0E120100091B50 /* Frameworks */ = {
			isa = PBXFrameworksBuildPhase;
			buildActionMask = 2147483647;
			files = (
			);
			runOnlyForDeploymentPostprocessing = 0;
		};
/* End PBXFrameworksBuildPhase section */

/* Begin PBXGroup section */
		68FAC89D1E0E120100091B50 = {
			isa = PBXGroup;
			children = (
				68FAC94E1E0EAE5300091B50 /* TXFoundation */,
				68FAC94F1E0EAE5300091B50 /* TXUIKit */,
				68FAC8DC1E0E12A800091B50 /* Feed */,
				68FAC8A81E0E120100091B50 /* MVCOfReadableCode */,
				68FAC8C21E0E120100091B50 /* MVCOfReadableCodeTests */,
				68FAC8CD1E0E120100091B50 /* MVCOfReadableCodeUITests */,
				68FAC8A71E0E120100091B50 /* Products */,
			);
			sourceTree = "<group>";
		};
		68FAC8A71E0E120100091B50 /* Products */ = {
			isa = PBXGroup;
			children = (
				68FAC8A61E0E120100091B50 /* MVCOfReadableCode.app */,
				68FAC8BF1E0E120100091B50 /* MVCOfReadableCodeTests.xctest */,
				68FAC8CA1E0E120100091B50 /* MVCOfReadableCodeUITests.xctest */,
			);
			name = Products;
			sourceTree = "<group>";
		};
		68FAC8A81E0E120100091B50 /* MVCOfReadableCode */ = {
			isa = PBXGroup;
			children = (
				68FAC8AC1E0E120100091B50 /* AppDelegate.h */,
				68FAC8AD1E0E120100091B50 /* AppDelegate.m */,
				68FAC8AF1E0E120100091B50 /* ViewController.h */,
				68FAC8B01E0E120100091B50 /* ViewController.m */,
				68FAC9581E0EAF3A00091B50 /* MVCOfReadableCode.pch */,
				68FAC8B21E0E120100091B50 /* Main.storyboard */,
				68FAC8B51E0E120100091B50 /* Assets.xcassets */,
				68FAC8B71E0E120100091B50 /* LaunchScreen.storyboard */,
				68FAC8BA1E0E120100091B50 /* Info.plist */,
				68FAC8A91E0E120100091B50 /* Supporting Files */,
			);
			path = MVCOfReadableCode;
			sourceTree = "<group>";
		};
		68FAC8A91E0E120100091B50 /* Supporting Files */ = {
			isa = PBXGroup;
			children = (
				68FAC8AA1E0E120100091B50 /* main.m */,
			);
			name = "Supporting Files";
			sourceTree = "<group>";
		};
		68FAC8C21E0E120100091B50 /* MVCOfReadableCodeTests */ = {
			isa = PBXGroup;
			children = (
				68FAC8C31E0E120100091B50 /* MVCOfReadableCodeTests.m */,
				68FAC8C51E0E120100091B50 /* Info.plist */,
			);
			path = MVCOfReadableCodeTests;
			sourceTree = "<group>";
		};
		68FAC8CD1E0E120100091B50 /* MVCOfReadableCodeUITests */ = {
			isa = PBXGroup;
			children = (
				68FAC8CE1E0E120100091B50 /* MVCOfReadableCodeUITests.m */,
				68FAC8D01E0E120100091B50 /* Info.plist */,
			);
			path = MVCOfReadableCodeUITests;
			sourceTree = "<group>";
		};
		68FAC8DC1E0E12A800091B50 /* Feed */ = {
			isa = PBXGroup;
			children = (
				68FAC8FA1E0E206100091B50 /* Protocol */,
				68FAC8DD1E0E12A800091B50 /* Controller */,
				68FAC9271E0E6BF900091B50 /* View */,
				68FAC8DE1E0E12A800091B50 /* Model */,
			);
			name = Feed;
			path = MVCOfReadableCode/Feed;
			sourceTree = "<group>";
		};
		68FAC8DD1E0E12A800091B50 /* Controller */ = {
			isa = PBXGroup;
			children = (
				68FAC8E01E0E12C100091B50 /* PGFeedViewController.h */,
				68FAC8E11E0E12C100091B50 /* PGFeedViewController.m */,
			);
			path = Controller;
			sourceTree = "<group>";
		};
		68FAC8DE1E0E12A800091B50 /* Model */ = {
			isa = PBXGroup;
			children = (
				68FAC8E91E0E14AA00091B50 /* PGFeedModel.h */,
				68FAC8EA1E0E14AA00091B50 /* PGFeedModel.m */,
			);
			path = Model;
			sourceTree = "<group>";
		};
		68FAC8FA1E0E206100091B50 /* Protocol */ = {
			isa = PBXGroup;
			children = (
				68FAC8FB1E0E206100091B50 /* PGViewEventsHandler.h */,
				68FAC8FC1E0E206100091B50 /* PGViewEventsHandler.m */,
				68FAC8FD1E0E206100091B50 /* PGViewEventsParamPON.h */,
				68FAC8FE1E0E206100091B50 /* PGViewEventsParamPON.m */,
			);
			path = Protocol;
			sourceTree = "<group>";
		};
		68FAC9271E0E6BF900091B50 /* View */ = {
			isa = PBXGroup;
			children = (
				68FAC9301E0E6BF900091B50 /* 根视图 */,
				68FAC9281E0E6BF900091B50 /* 内容 */,
				68FAC9331E0E6BF900091B50 /* 输入 */,
			);
			path = View;
			sourceTree = "<group>";
		};
		68FAC9281E0E6BF900091B50 /* 内容 */ = {
			isa = PBXGroup;
			children = (
				68FAC9591E0EB28C00091B50 /* 根视图 */,
				68FAC9291E0E6BF900091B50 /* Feed */,
				68FAC92B1E0E6BF900091B50 /* 发布 */,
			);
			path = "内容";
			sourceTree = "<group>";
		};
		68FAC9291E0E6BF900091B50 /* Feed */ = {
			isa = PBXGroup;
			children = (
				68FAC92A1E0E6BF900091B50 /* Cell */,
			);
			path = Feed;
			sourceTree = "<group>";
		};
		68FAC92A1E0E6BF900091B50 /* Cell */ = {
			isa = PBXGroup;
			children = (
				68FAC9691E0EB81F00091B50 /* PGFeedTableViewCell.h */,
				68FAC96A1E0EB81F00091B50 /* PGFeedTableViewCell.m */,
			);
			path = Cell;
			sourceTree = "<group>";
		};
		68FAC92B1E0E6BF900091B50 /* 发布 */ = {
			isa = PBXGroup;
			children = (
				68FAC92D1E0E6BF900091B50 /* 根视图 */,
				68FAC92C1E0E6BF900091B50 /* 图片 */,
				68FAC92E1E0E6BF900091B50 /* 点赞 */,
				68FAC92F1E0E6BF900091B50 /* 用户信息 */,
			);
			path = "发布";
			sourceTree = "<group>";
		};
		68FAC92C1E0E6BF900091B50 /* 图片 */ = {
			isa = PBXGroup;
			children = (
				68FAC9661E0EB6ED00091B50 /* PGFeedPublishImagesView.h */,
				68FAC9671E0EB6ED00091B50 /* PGFeedPublishImagesView.m */,
			);
			path = "图片";
			sourceTree = "<group>";
		};
		68FAC92D1E0E6BF900091B50 /* 根视图 */ = {
			isa = PBXGroup;
			children = (
				68FAC95D1E0EB67F00091B50 /* PGFeedPublishTableHeaderView.h */,
				68FAC95E1E0EB67F00091B50 /* PGFeedPublishTableHeaderView.m */,
			);
			path = "根视图";
			sourceTree = "<group>";
		};
		68FAC92E1E0E6BF900091B50 /* 点赞 */ = {
			isa = PBXGroup;
			children = (
				68FAC9631E0EB6D200091B50 /* PGFeedPublishLikesView.h */,
				68FAC9641E0EB6D200091B50 /* PGFeedPublishLikesView.m */,
			);
			path = "点赞";
			sourceTree = "<group>";
		};
		68FAC92F1E0E6BF900091B50 /* 用户信息 */ = {
			isa = PBXGroup;
			children = (
				68FAC9601E0EB6C000091B50 /* PGFeedPublishUserInfoView.h */,
				68FAC9611E0EB6C000091B50 /* PGFeedPublishUserInfoView.m */,
			);
			path = "用户信息";
			sourceTree = "<group>";
		};
		68FAC9301E0E6BF900091B50 /* 根视图 */ = {
			isa = PBXGroup;
			children = (
				68FAC9311E0E6BF900091B50 /* PGFeedView.h */,
				68FAC9321E0E6BF900091B50 /* PGFeedView.m */,
			);
			path = "根视图";
			sourceTree = "<group>";
		};
		68FAC9331E0E6BF900091B50 /* 输入 */ = {
			isa = PBXGroup;
			children = (
				68FAC9341E0E6BF900091B50 /* 根视图 */,
				68FAC9371E0E6BF900091B50 /* 表情键盘 */,
				68FAC9441E0E6BF900091B50 /* 输入框 */,
			);
			path = "输入";
			sourceTree = "<group>";
		};
		68FAC9341E0E6BF900091B50 /* 根视图 */ = {
			isa = PBXGroup;
			children = (
				68FAC9351E0E6BF900091B50 /* PGFeedInputView.h */,
				68FAC9361E0E6BF900091B50 /* PGFeedInputView.m */,
			);
			path = "根视图";
			sourceTree = "<group>";
		};
		68FAC9371E0E6BF900091B50 /* 表情键盘 */ = {
			isa = PBXGroup;
			children = (
				68FAC93E1E0E6BF900091B50 /* 根视图 */,
				68FAC9381E0E6BF900091B50 /* 下载表情 */,
				68FAC93B1E0E6BF900091B50 /* 工具栏 */,
				68FAC9411E0E6BF900091B50 /* 表情 */,
			);
			path = "表情键盘";
			sourceTree = "<group>";
		};
		68FAC9381E0E6BF900091B50 /* 下载表情 */ = {
			isa = PBXGroup;
			children = (
				68FAC9391E0E6BF900091B50 /* PGFeedInputDownloadEmojiView.h */,
				68FAC93A1E0E6BF900091B50 /* PGFeedInputDownloadEmojiView.m */,
			);
			path = "下载表情";
			sourceTree = "<group>";
		};
		68FAC93B1E0E6BF900091B50 /* 工具栏 */ = {
			isa = PBXGroup;
			children = (
				68FAC93C1E0E6BF900091B50 /* PGFeedInputEmojiToolbarView.h */,
				68FAC93D1E0E6BF900091B50 /* PGFeedInputEmojiToolbarView.m */,
			);
			path = "工具栏";
			sourceTree = "<group>";
		};
		68FAC93E1E0E6BF900091B50 /* 根视图 */ = {
			isa = PBXGroup;
			children = (
				68FAC93F1E0E6BF900091B50 /* PGFeedInputEmojiView.h */,
				68FAC9401E0E6BF900091B50 /* PGFeedInputEmojiView.m */,
			);
			path = "根视图";
			sourceTree = "<group>";
		};
		68FAC9411E0E6BF900091B50 /* 表情 */ = {
			isa = PBXGroup;
			children = (
				68FAC9421E0E6BF900091B50 /* PGFeedInputEmojiPanelView.h */,
				68FAC9431E0E6BF900091B50 /* PGFeedInputEmojiPanelView.m */,
			);
			path = "表情";
			sourceTree = "<group>";
		};
		68FAC9441E0E6BF900091B50 /* 输入框 */ = {
			isa = PBXGroup;
			children = (
				68FAC9451E0E6BF900091B50 /* PGFeedInputTextBarView.h */,
				68FAC9461E0E6BF900091B50 /* PGFeedInputTextBarView.m */,
			);
			path = "输入框";
			sourceTree = "<group>";
		};
		68FAC94E1E0EAE5300091B50 /* TXFoundation */ = {
			isa = PBXGroup;
			children = (
			);
			name = TXFoundation;
			path = MVCOfReadableCode/TXFoundation;
			sourceTree = "<group>";
		};
		68FAC94F1E0EAE5300091B50 /* TXUIKit */ = {
			isa = PBXGroup;
			children = (
				68FAC9541E0EAE9000091B50 /* UIView */,
				68FAC9501E0EAE5300091B50 /* UIButton */,
			);
			name = TXUIKit;
			path = MVCOfReadableCode/TXUIKit;
			sourceTree = "<group>";
		};
		68FAC9501E0EAE5300091B50 /* UIButton */ = {
			isa = PBXGroup;
			children = (
				68FAC9511E0EAE5300091B50 /* UIButtonAdditions.h */,
				68FAC9521E0EAE5300091B50 /* UIButtonAdditions.m */,
			);
			path = UIButton;
			sourceTree = "<group>";
		};
		68FAC9541E0EAE9000091B50 /* UIView */ = {
			isa = PBXGroup;
			children = (
				68FAC9551E0EAE9000091B50 /* UIView+Layout.h */,
				68FAC9561E0EAE9000091B50 /* UIView+Layout.m */,
			);
			path = UIView;
			sourceTree = "<group>";
		};
		68FAC9591E0EB28C00091B50 /* 根视图 */ = {
			isa = PBXGroup;
			children = (
				68FAC95A1E0EB2AB00091B50 /* PGFeedTableView.h */,
				68FAC95B1E0EB2AB00091B50 /* PGFeedTableView.m */,
			);
			path = "根视图";
			sourceTree = "<group>";
		};
/* End PBXGroup section */

/* Begin PBXNativeTarget section */
		68FAC8A51E0E120100091B50 /* MVCOfReadableCode */ = {
			isa = PBXNativeTarget;
			buildConfigurationList = 68FAC8D31E0E120100091B50 /* Build configuration list for PBXNativeTarget "MVCOfReadableCode" */;
			buildPhases = (
				68FAC8A21E0E120100091B50 /* Sources */,
				68FAC8A31E0E120100091B50 /* Frameworks */,
				68FAC8A41E0E120100091B50 /* Resources */,
			);
			buildRules = (
			);
			dependencies = (
			);
			name = MVCOfReadableCode;
			productName = MVCOfReadableCode;
			productReference = 68FAC8A61E0E120100091B50 /* MVCOfReadableCode.app */;
			productType = "com.apple.product-type.application";
		};
		68FAC8BE1E0E120100091B50 /* MVCOfReadableCodeTests */ = {
			isa = PBXNativeTarget;
			buildConfigurationList = 68FAC8D61E0E120100091B50 /* Build configuration list for PBXNativeTarget "MVCOfReadableCodeTests" */;
			buildPhases = (
				68FAC8BB1E0E120100091B50 /* Sources */,
				68FAC8BC1E0E120100091B50 /* Frameworks */,
				68FAC8BD1E0E120100091B50 /* Resources */,
			);
			buildRules = (
			);
			dependencies = (
				68FAC8C11E0E120100091B50 /* PBXTargetDependency */,
			);
			name = MVCOfReadableCodeTests;
			productName = MVCOfReadableCodeTests;
			productReference = 68FAC8BF1E0E120100091B50 /* MVCOfReadableCodeTests.xctest */;
			productType = "com.apple.product-type.bundle.unit-test";
		};
		68FAC8C91E0E120100091B50 /* MVCOfReadableCodeUITests */ = {
			isa = PBXNativeTarget;
			buildConfigurationList = 68FAC8D91E0E120100091B50 /* Build configuration list for PBXNativeTarget "MVCOfReadableCodeUITests" */;
			buildPhases = (
				68FAC8C61E0E120100091B50 /* Sources */,
				68FAC8C71E0E120100091B50 /* Frameworks */,
				68FAC8C81E0E120100091B50 /* Resources */,
			);
			buildRules = (
			);
			dependencies = (
				68FAC8CC1E0E120100091B50 /* PBXTargetDependency */,
			);
			name = MVCOfReadableCodeUITests;
			productName = MVCOfReadableCodeUITests;
			productReference = 68FAC8CA1E0E120100091B50 /* MVCOfReadableCodeUITests.xctest */;
			productType = "com.apple.product-type.bundle.ui-testing";
		};
/* End PBXNativeTarget section */

/* Begin PBXProject section */
		68FAC89E1E0E120100091B50 /* Project object */ = {
			isa = PBXProject;
			attributes = {
				LastUpgradeCheck = 0820;
				ORGANIZATIONNAME = linjinxing;
				TargetAttributes = {
					68FAC8A51E0E120100091B50 = {
						CreatedOnToolsVersion = 8.2;
						ProvisioningStyle = Automatic;
					};
					68FAC8BE1E0E120100091B50 = {
						CreatedOnToolsVersion = 8.2;
						ProvisioningStyle = Automatic;
						TestTargetID = 68FAC8A51E0E120100091B50;
					};
					68FAC8C91E0E120100091B50 = {
						CreatedOnToolsVersion = 8.2;
						ProvisioningStyle = Automatic;
						TestTargetID = 68FAC8A51E0E120100091B50;
					};
				};
			};
			buildConfigurationList = 68FAC8A11E0E120100091B50 /* Build configuration list for PBXProject "MVCOfReadableCode" */;
			compatibilityVersion = "Xcode 3.2";
			developmentRegion = English;
			hasScannedForEncodings = 0;
			knownRegions = (
				en,
				Base,
			);
			mainGroup = 68FAC89D1E0E120100091B50;
			productRefGroup = 68FAC8A71E0E120100091B50 /* Products */;
			projectDirPath = "";
			projectRoot = "";
			targets = (
				68FAC8A51E0E120100091B50 /* MVCOfReadableCode */,
				68FAC8BE1E0E120100091B50 /* MVCOfReadableCodeTests */,
				68FAC8C91E0E120100091B50 /* MVCOfReadableCodeUITests */,
			);
		};
/* End PBXProject section */

/* Begin PBXResourcesBuildPhase section */
		68FAC8A41E0E120100091B50 /* Resources */ = {
			isa = PBXResourcesBuildPhase;
			buildActionMask = 2147483647;
			files = (
				68FAC8B91E0E120100091B50 /* LaunchScreen.storyboard in Resources */,
				68FAC8B61E0E120100091B50 /* Assets.xcassets in Resources */,
				68FAC8B41E0E120100091B50 /* Main.storyboard in Resources */,
			);
			runOnlyForDeploymentPostprocessing = 0;
		};
		68FAC8BD1E0E120100091B50 /* Resources */ = {
			isa = PBXResourcesBuildPhase;
			buildActionMask = 2147483647;
			files = (
			);
			runOnlyForDeploymentPostprocessing = 0;
		};
		68FAC8C81E0E120100091B50 /* Resources */ = {
			isa = PBXResourcesBuildPhase;
			buildActionMask = 2147483647;
			files = (
			);
			runOnlyForDeploymentPostprocessing = 0;
		};
/* End PBXResourcesBuildPhase section */

/* Begin PBXSourcesBuildPhase section */
		68FAC8A21E0E120100091B50 /* Sources */ = {
			isa = PBXSourcesBuildPhase;
			buildActionMask = 2147483647;
			files = (
				68FAC8FF1E0E206100091B50 /* PGViewEventsHandler.m in Sources */,
				68FAC9001E0E206100091B50 /* PGViewEventsParamPON.m in Sources */,
				68FAC9471E0E6BF900091B50 /* PGFeedView.m in Sources */,
				68FAC8B11E0E120100091B50 /* ViewController.m in Sources */,
				68FAC9481E0E6BF900091B50 /* PGFeedInputView.m in Sources */,
				68FAC9531E0EAE5300091B50 /* UIButtonAdditions.m in Sources */,
				68FAC96B1E0EB81F00091B50 /* PGFeedTableViewCell.m in Sources */,
				68FAC94C1E0E6BF900091B50 /* PGFeedInputEmojiPanelView.m in Sources */,
				68FAC8AE1E0E120100091B50 /* AppDelegate.m in Sources */,
				68FAC9681E0EB6ED00091B50 /* PGFeedPublishImagesView.m in Sources */,
				68FAC8AB1E0E120100091B50 /* main.m in Sources */,
				68FAC95F1E0EB67F00091B50 /* PGFeedPublishTableHeaderView.m in Sources */,
				68FAC9491E0E6BF900091B50 /* PGFeedInputDownloadEmojiView.m in Sources */,
				68FAC94D1E0E6BF900091B50 /* PGFeedInputTextBarView.m in Sources */,
				68FAC9651E0EB6D200091B50 /* PGFeedPublishLikesView.m in Sources */,
				68FAC9621E0EB6C000091B50 /* PGFeedPublishUserInfoView.m in Sources */,
				68FAC8EB1E0E14AA00091B50 /* PGFeedModel.m in Sources */,
				68FAC95C1E0EB2AB00091B50 /* PGFeedTableView.m in Sources */,
				68FAC9571E0EAE9000091B50 /* UIView+Layout.m in Sources */,
				68FAC94A1E0E6BF900091B50 /* PGFeedInputEmojiToolbarView.m in Sources */,
				68FAC8E21E0E12C100091B50 /* PGFeedViewController.m in Sources */,
				68FAC94B1E0E6BF900091B50 /* PGFeedInputEmojiView.m in Sources */,
			);
			runOnlyForDeploymentPostprocessing = 0;
		};
		68FAC8BB1E0E120100091B50 /* Sources */ = {
			isa = PBXSourcesBuildPhase;
			buildActionMask = 2147483647;
			files = (
				68FAC8C41E0E120100091B50 /* MVCOfReadableCodeTests.m in Sources */,
			);
			runOnlyForDeploymentPostprocessing = 0;
		};
		68FAC8C61E0E120100091B50 /* Sources */ = {
			isa = PBXSourcesBuildPhase;
			buildActionMask = 2147483647;
			files = (
				68FAC8CF1E0E120100091B50 /* MVCOfReadableCodeUITests.m in Sources */,
			);
			runOnlyForDeploymentPostprocessing = 0;
		};
/* End PBXSourcesBuildPhase section */

/* Begin PBXTargetDependency section */
		68FAC8C11E0E120100091B50 /* PBXTargetDependency */ = {
			isa = PBXTargetDependency;
			target = 68FAC8A51E0E120100091B50 /* MVCOfReadableCode */;
			targetProxy = 68FAC8C01E0E120100091B50 /* PBXContainerItemProxy */;
		};
		68FAC8CC1E0E120100091B50 /* PBXTargetDependency */ = {
			isa = PBXTargetDependency;
			target = 68FAC8A51E0E120100091B50 /* MVCOfReadableCode */;
			targetProxy = 68FAC8CB1E0E120100091B50 /* PBXContainerItemProxy */;
		};
/* End PBXTargetDependency section */

/* Begin PBXVariantGroup section */
		68FAC8B21E0E120100091B50 /* Main.storyboard */ = {
			isa = PBXVariantGroup;
			children = (
				68FAC8B31E0E120100091B50 /* Base */,
			);
			name = Main.storyboard;
			sourceTree = "<group>";
		};
		68FAC8B71E0E120100091B50 /* LaunchScreen.storyboard */ = {
			isa = PBXVariantGroup;
			children = (
				68FAC8B81E0E120100091B50 /* Base */,
			);
			name = LaunchScreen.storyboard;
			sourceTree = "<group>";
		};
/* End PBXVariantGroup section */

/* Begin XCBuildConfiguration section */
		68FAC8D11E0E120100091B50 /* Debug */ = {
			isa = XCBuildConfiguration;
			buildSettings = {
				ALWAYS_SEARCH_USER_PATHS = NO;
				CLANG_ANALYZER_NONNULL = YES;
				CLANG_CXX_LANGUAGE_STANDARD = "gnu++0x";
				CLANG_CXX_LIBRARY = "libc++";
				CLANG_ENABLE_MODULES = YES;
				CLANG_ENABLE_OBJC_ARC = YES;
				CLANG_WARN_BOOL_CONVERSION = YES;
				CLANG_WARN_CONSTANT_CONVERSION = YES;
				CLANG_WARN_DIRECT_OBJC_ISA_USAGE = YES_ERROR;
				CLANG_WARN_DOCUMENTATION_COMMENTS = YES;
				CLANG_WARN_EMPTY_BODY = YES;
				CLANG_WARN_ENUM_CONVERSION = YES;
				CLANG_WARN_INFINITE_RECURSION = YES;
				CLANG_WARN_INT_CONVERSION = YES;
				CLANG_WARN_OBJC_ROOT_CLASS = YES_ERROR;
				CLANG_WARN_SUSPICIOUS_MOVE = YES;
				CLANG_WARN_UNREACHABLE_CODE = YES;
				CLANG_WARN__DUPLICATE_METHOD_MATCH = YES;
				"CODE_SIGN_IDENTITY[sdk=iphoneos*]" = "iPhone Developer";
				COPY_PHASE_STRIP = NO;
				DEBUG_INFORMATION_FORMAT = dwarf;
				ENABLE_STRICT_OBJC_MSGSEND = YES;
				ENABLE_TESTABILITY = YES;
				GCC_C_LANGUAGE_STANDARD = gnu99;
				GCC_DYNAMIC_NO_PIC = NO;
				GCC_NO_COMMON_BLOCKS = YES;
				GCC_OPTIMIZATION_LEVEL = 0;
				GCC_PREPROCESSOR_DEFINITIONS = (
					"DEBUG=1",
					"$(inherited)",
				);
				GCC_WARN_64_TO_32_BIT_CONVERSION = YES;
				GCC_WARN_ABOUT_RETURN_TYPE = YES_ERROR;
				GCC_WARN_UNDECLARED_SELECTOR = YES;
				GCC_WARN_UNINITIALIZED_AUTOS = YES_AGGRESSIVE;
				GCC_WARN_UNUSED_FUNCTION = YES;
				GCC_WARN_UNUSED_VARIABLE = YES;
				IPHONEOS_DEPLOYMENT_TARGET = 10.2;
				MTL_ENABLE_DEBUG_INFO = YES;
				ONLY_ACTIVE_ARCH = YES;
				SDKROOT = iphoneos;
				TARGETED_DEVICE_FAMILY = "1,2";
			};
			name = Debug;
		};
		68FAC8D21E0E120100091B50 /* Release */ = {
			isa = XCBuildConfiguration;
			buildSettings = {
				ALWAYS_SEARCH_USER_PATHS = NO;
				CLANG_ANALYZER_NONNULL = YES;
				CLANG_CXX_LANGUAGE_STANDARD = "gnu++0x";
				CLANG_CXX_LIBRARY = "libc++";
				CLANG_ENABLE_MODULES = YES;
				CLANG_ENABLE_OBJC_ARC = YES;
				CLANG_WARN_BOOL_CONVERSION = YES;
				CLANG_WARN_CONSTANT_CONVERSION = YES;
				CLANG_WARN_DIRECT_OBJC_ISA_USAGE = YES_ERROR;
				CLANG_WARN_DOCUMENTATION_COMMENTS = YES;
				CLANG_WARN_EMPTY_BODY = YES;
				CLANG_WARN_ENUM_CONVERSION = YES;
				CLANG_WARN_INFINITE_RECURSION = YES;
				CLANG_WARN_INT_CONVERSION = YES;
				CLANG_WARN_OBJC_ROOT_CLASS = YES_ERROR;
				CLANG_WARN_SUSPICIOUS_MOVE = YES;
				CLANG_WARN_UNREACHABLE_CODE = YES;
				CLANG_WARN__DUPLICATE_METHOD_MATCH = YES;
				"CODE_SIGN_IDENTITY[sdk=iphoneos*]" = "iPhone Developer";
				COPY_PHASE_STRIP = NO;
				DEBUG_INFORMATION_FORMAT = "dwarf-with-dsym";
				ENABLE_NS_ASSERTIONS = NO;
				ENABLE_STRICT_OBJC_MSGSEND = YES;
				GCC_C_LANGUAGE_STANDARD = gnu99;
				GCC_NO_COMMON_BLOCKS = YES;
				GCC_WARN_64_TO_32_BIT_CONVERSION = YES;
				GCC_WARN_ABOUT_RETURN_TYPE = YES_ERROR;
				GCC_WARN_UNDECLARED_SELECTOR = YES;
				GCC_WARN_UNINITIALIZED_AUTOS = YES_AGGRESSIVE;
				GCC_WARN_UNUSED_FUNCTION = YES;
				GCC_WARN_UNUSED_VARIABLE = YES;
				IPHONEOS_DEPLOYMENT_TARGET = 10.2;
				MTL_ENABLE_DEBUG_INFO = NO;
				SDKROOT = iphoneos;
				TARGETED_DEVICE_FAMILY = "1,2";
				VALIDATE_PRODUCT = YES;
			};
			name = Release;
		};
		68FAC8D41E0E120100091B50 /* Debug */ = {
			isa = XCBuildConfiguration;
			buildSettings = {
				ASSETCATALOG_COMPILER_APPICON_NAME = AppIcon;
				GCC_PRECOMPILE_PREFIX_HEADER = NO;
				GCC_PREFIX_HEADER = MVCOfReadableCode/MVCOfReadableCode.pch;
				INFOPLIST_FILE = MVCOfReadableCode/Info.plist;
				LD_RUNPATH_SEARCH_PATHS = "$(inherited) @executable_path/Frameworks";
				PRODUCT_BUNDLE_IDENTIFIER = com.linjinxing.MVCOfReadableCode;
				PRODUCT_NAME = "$(TARGET_NAME)";
			};
			name = Debug;
		};
		68FAC8D51E0E120100091B50 /* Release */ = {
			isa = XCBuildConfiguration;
			buildSettings = {
				ASSETCATALOG_COMPILER_APPICON_NAME = AppIcon;
				GCC_PRECOMPILE_PREFIX_HEADER = NO;
				GCC_PREFIX_HEADER = MVCOfReadableCode/MVCOfReadableCode.pch;
				INFOPLIST_FILE = MVCOfReadableCode/Info.plist;
				LD_RUNPATH_SEARCH_PATHS = "$(inherited) @executable_path/Frameworks";
				PRODUCT_BUNDLE_IDENTIFIER = com.linjinxing.MVCOfReadableCode;
				PRODUCT_NAME = "$(TARGET_NAME)";
			};
			name = Release;
		};
		68FAC8D71E0E120100091B50 /* Debug */ = {
			isa = XCBuildConfiguration;
			buildSettings = {
				BUNDLE_LOADER = "$(TEST_HOST)";
				INFOPLIST_FILE = MVCOfReadableCodeTests/Info.plist;
				LD_RUNPATH_SEARCH_PATHS = "$(inherited) @executable_path/Frameworks @loader_path/Frameworks";
				PRODUCT_BUNDLE_IDENTIFIER = com.linjinxing.MVCOfReadableCodeTests;
				PRODUCT_NAME = "$(TARGET_NAME)";
				TEST_HOST = "$(BUILT_PRODUCTS_DIR)/MVCOfReadableCode.app/MVCOfReadableCode";
			};
			name = Debug;
		};
		68FAC8D81E0E120100091B50 /* Release */ = {
			isa = XCBuildConfiguration;
			buildSettings = {
				BUNDLE_LOADER = "$(TEST_HOST)";
				INFOPLIST_FILE = MVCOfReadableCodeTests/Info.plist;
				LD_RUNPATH_SEARCH_PATHS = "$(inherited) @executable_path/Frameworks @loader_path/Frameworks";
				PRODUCT_BUNDLE_IDENTIFIER = com.linjinxing.MVCOfReadableCodeTests;
				PRODUCT_NAME = "$(TARGET_NAME)";
				TEST_HOST = "$(BUILT_PRODUCTS_DIR)/MVCOfReadableCode.app/MVCOfReadableCode";
			};
			name = Release;
		};
		68FAC8DA1E0E120100091B50 /* Debug */ = {
			isa = XCBuildConfiguration;
			buildSettings = {
				INFOPLIST_FILE = MVCOfReadableCodeUITests/Info.plist;
				LD_RUNPATH_SEARCH_PATHS = "$(inherited) @executable_path/Frameworks @loader_path/Frameworks";
				PRODUCT_BUNDLE_IDENTIFIER = com.linjinxing.MVCOfReadableCodeUITests;
				PRODUCT_NAME = "$(TARGET_NAME)";
				TEST_TARGET_NAME = MVCOfReadableCode;
			};
			name = Debug;
		};
		68FAC8DB1E0E120100091B50 /* Release */ = {
			isa = XCBuildConfiguration;
			buildSettings = {
				INFOPLIST_FILE = MVCOfReadableCodeUITests/Info.plist;
				LD_RUNPATH_SEARCH_PATHS = "$(inherited) @executable_path/Frameworks @loader_path/Frameworks";
				PRODUCT_BUNDLE_IDENTIFIER = com.linjinxing.MVCOfReadableCodeUITests;
				PRODUCT_NAME = "$(TARGET_NAME)";
				TEST_TARGET_NAME = MVCOfReadableCode;
			};
			name = Release;
		};
/* End XCBuildConfiguration section */

/* Begin XCConfigurationList section */
		68FAC8A11E0E120100091B50 /* Build configuration list for PBXProject "MVCOfReadableCode" */ = {
			isa = XCConfigurationList;
			buildConfigurations = (
				68FAC8D11E0E120100091B50 /* Debug */,
				68FAC8D21E0E120100091B50 /* Release */,
			);
			defaultConfigurationIsVisible = 0;
			defaultConfigurationName = Release;
		};
		68FAC8D31E0E120100091B50 /* Build configuration list for PBXNativeTarget "MVCOfReadableCode" */ = {
			isa = XCConfigurationList;
			buildConfigurations = (
				68FAC8D41E0E120100091B50 /* Debug */,
				68FAC8D51E0E120100091B50 /* Release */,
			);
			defaultConfigurationIsVisible = 0;
			defaultConfigurationName = Release;
		};
		68FAC8D61E0E120100091B50 /* Build configuration list for PBXNativeTarget "MVCOfReadableCodeTests" */ = {
			isa = XCConfigurationList;
			buildConfigurations = (
				68FAC8D71E0E120100091B50 /* Debug */,
				68FAC8D81E0E120100091B50 /* Release */,
			);
			defaultConfigurationIsVisible = 0;
			defaultConfigurationName = Release;
		};
		68FAC8D91E0E120100091B50 /* Build configuration list for PBXNativeTarget "MVCOfReadableCodeUITests" */ = {
			isa = XCConfigurationList;
			buildConfigurations = (
				68FAC8DA1E0E120100091B50 /* Debug */,
				68FAC8DB1E0E120100091B50 /* Release */,
			);
			defaultConfigurationIsVisible = 0;
			defaultConfigurationName = Release;
		};
/* End XCConfigurationList section */
	};
	rootObject = 68FAC89E1E0E120100091B50 /* Project object */;
}
