// !$*UTF8*$!
{
	archiveVersion = 1;
	classes = {
	};
	objectVersion = 46;
	objects = {

/* Begin PBXBuildFile section */
		6802D5AD1E2E217400407EE1 /* UILabel+Create.m in Sources */ = {isa = PBXBuildFile; fileRef = 6802D5AC1E2E217400407EE1 /* UILabel+Create.m */; };
		6802D5B11E2EB1AB00407EE1 /* TXImageView.m in Sources */ = {isa = PBXBuildFile; fileRef = 6802D5B01E2EB1AB00407EE1 /* TXImageView.m */; };
		6802D5B51E2EB49D00407EE1 /* TXUILayout.m in Sources */ = {isa = PBXBuildFile; fileRef = 6802D5B41E2EB49D00407EE1 /* TXUILayout.m */; };
		6802D5BA1E2EB6C400407EE1 /* TXCollectionViewImageCell.m in Sources */ = {isa = PBXBuildFile; fileRef = 6802D5B91E2EB6C400407EE1 /* TXCollectionViewImageCell.m */; };
		6883EA281E2D7609004ADB8A /* PostImagesView.m in Sources */ = {isa = PBXBuildFile; fileRef = 6883EA051E2D7609004ADB8A /* PostImagesView.m */; };
		6883EA291E2D7609004ADB8A /* PostDetailView.m in Sources */ = {isa = PBXBuildFile; fileRef = 6883EA091E2D7609004ADB8A /* PostDetailView.m */; };
		6883EA2A1E2D7609004ADB8A /* PostUserInfoView.m in Sources */ = {isa = PBXBuildFile; fileRef = 6883EA0C1E2D7609004ADB8A /* PostUserInfoView.m */; };
		6883EA2B1E2D7609004ADB8A /* PostContentView.m in Sources */ = {isa = PBXBuildFile; fileRef = 6883EA0F1E2D7609004ADB8A /* PostContentView.m */; };
		6883EA2C1E2D7609004ADB8A /* PostUserLikesView.m in Sources */ = {isa = PBXBuildFile; fileRef = 6883EA121E2D7609004ADB8A /* PostUserLikesView.m */; };
		6883EA361E2DB01B004ADB8A /* PostActionView.m in Sources */ = {isa = PBXBuildFile; fileRef = 6883EA351E2DB01B004ADB8A /* PostActionView.m */; };
		6883EA391E2DC960004ADB8A /* PostDetailDescView.m in Sources */ = {isa = PBXBuildFile; fileRef = 6883EA381E2DC960004ADB8A /* PostDetailDescView.m */; };
		6883EA3C1E2DE5C6004ADB8A /* PostActionTableViewCell.m in Sources */ = {isa = PBXBuildFile; fileRef = 6883EA3B1E2DE5C6004ADB8A /* PostActionTableViewCell.m */; };
		6883EA3F1E2DE5FD004ADB8A /* PostUserLikesTableViewCell.m in Sources */ = {isa = PBXBuildFile; fileRef = 6883EA3E1E2DE5FD004ADB8A /* PostUserLikesTableViewCell.m */; };
		6883EA421E2DE617004ADB8A /* PostCommentTableViewCell.m in Sources */ = {isa = PBXBuildFile; fileRef = 6883EA411E2DE617004ADB8A /* PostCommentTableViewCell.m */; };
		6883EA451E2DE9E8004ADB8A /* UIView+Subviews.m in Sources */ = {isa = PBXBuildFile; fileRef = 6883EA441E2DE9E8004ADB8A /* UIView+Subviews.m */; };
		68BAC1AE1E2EC55100F4B980 /* TXUINSDictionaryKey.m in Sources */ = {isa = PBXBuildFile; fileRef = 68BAC1AD1E2EC55100F4B980 /* TXUINSDictionaryKey.m */; };
		68BAC1C71E2EF99300F4B980 /* TXEmojiKeyboardDownloadEmojiView.m in Sources */ = {isa = PBXBuildFile; fileRef = 68BAC1B71E2EF99300F4B980 /* TXEmojiKeyboardDownloadEmojiView.m */; };
		68BAC1C91E2EF99300F4B980 /* TXEmojiKeyboardEmojiView.m in Sources */ = {isa = PBXBuildFile; fileRef = 68BAC1BD1E2EF99300F4B980 /* TXEmojiKeyboardEmojiView.m */; };
		68BAC1CA1E2EF99300F4B980 /* TXEmojiKeyboardInputEmojiPanelView.m in Sources */ = {isa = PBXBuildFile; fileRef = 68BAC1C01E2EF99300F4B980 /* TXEmojiKeyboardInputEmojiPanelView.m */; };
		68BAC1CB1E2EF99300F4B980 /* TXEmojiKeyboardView.m in Sources */ = {isa = PBXBuildFile; fileRef = 68BAC1C31E2EF99300F4B980 /* TXEmojiKeyboardView.m */; };
		68BAC1CC1E2EF99300F4B980 /* TXEmojiKeyboardInputTextToolbarView.m in Sources */ = {isa = PBXBuildFile; fileRef = 68BAC1C61E2EF99300F4B980 /* TXEmojiKeyboardInputTextToolbarView.m */; };
		68BAC1D41E2EFD2F00F4B980 /* TXEmojiKeyboardSwitchEmojiView.m in Sources */ = {isa = PBXBuildFile; fileRef = 68BAC1D31E2EFD2F00F4B980 /* TXEmojiKeyboardSwitchEmojiView.m */; };
		68BAC1D71E2F07F800F4B980 /* TXCollectionViewTitleLabelCell.m in Sources */ = {isa = PBXBuildFile; fileRef = 68BAC1D61E2F07F800F4B980 /* TXCollectionViewTitleLabelCell.m */; };
		68BAC1DA1E2F0A0400F4B980 /* CommentBLL.m in Sources */ = {isa = PBXBuildFile; fileRef = 68BAC1D91E2F0A0400F4B980 /* CommentBLL.m */; };
		68BAC1DD1E2F0A0F00F4B980 /* PostBLL.m in Sources */ = {isa = PBXBuildFile; fileRef = 68BAC1DC1E2F0A0F00F4B980 /* PostBLL.m */; };
		68BAC1E01E2F0A1D00F4B980 /* EmojiLoader.m in Sources */ = {isa = PBXBuildFile; fileRef = 68BAC1DF1E2F0A1D00F4B980 /* EmojiLoader.m */; };
		68BAC1E31E2F0AB600F4B980 /* EmojiPOD.m in Sources */ = {isa = PBXBuildFile; fileRef = 68BAC1E21E2F0AB600F4B980 /* EmojiPOD.m */; };
		68BAC1E61E2F0C5000F4B980 /* Comment.m in Sources */ = {isa = PBXBuildFile; fileRef = 68BAC1E51E2F0C5000F4B980 /* Comment.m */; };
		68BAC1EE1E2F14CC00F4B980 /* NSObject+Addiction.m in Sources */ = {isa = PBXBuildFile; fileRef = 68BAC1ED1E2F14CC00F4B980 /* NSObject+Addiction.m */; };
		68BAC1F21E2F157800F4B980 /* UITableView+Addiction.m in Sources */ = {isa = PBXBuildFile; fileRef = 68BAC1F11E2F157800F4B980 /* UITableView+Addiction.m */; };
		68BAC1FC1E2F333E00F4B980 /* User.m in Sources */ = {isa = PBXBuildFile; fileRef = 68BAC1FB1E2F333E00F4B980 /* User.m */; };
		68BAC2011E2F3E4A00F4B980 /* Post.m in Sources */ = {isa = PBXBuildFile; fileRef = 68BAC2001E2F3E4A00F4B980 /* Post.m */; };
		68BAC20A1E2F3F2800F4B980 /* NSArray+BlocksKit.m in Sources */ = {isa = PBXBuildFile; fileRef = 68BAC2061E2F3F2800F4B980 /* NSArray+BlocksKit.m */; };
		68BAC20B1E2F3F2800F4B980 /* NSDictionary+BlocksKit.m in Sources */ = {isa = PBXBuildFile; fileRef = 68BAC2091E2F3F2800F4B980 /* NSDictionary+BlocksKit.m */; };
		68BAC2111E2F454000F4B980 /* ViewEventsHandler.m in Sources */ = {isa = PBXBuildFile; fileRef = 68BAC20E1E2F454000F4B980 /* ViewEventsHandler.m */; };
		68BAC2121E2F454000F4B980 /* ViewEventsParamPOD.m in Sources */ = {isa = PBXBuildFile; fileRef = 68BAC2101E2F454000F4B980 /* ViewEventsParamPOD.m */; };
		68BAC21F1E2F4DFC00F4B980 /* RACSignal+UIActionSheet.m in Sources */ = {isa = PBXBuildFile; fileRef = 68BAC21E1E2F4DFC00F4B980 /* RACSignal+UIActionSheet.m */; };
		68BAC2221E2F4E0C00F4B980 /* RACSignal+MBProgressHUD.m in Sources */ = {isa = PBXBuildFile; fileRef = 68BAC2211E2F4E0C00F4B980 /* RACSignal+MBProgressHUD.m */; };
		68BAC2311E2F516600F4B980 /* UIViewControllerExtension.swift in Sources */ = {isa = PBXBuildFile; fileRef = 68BAC2301E2F516600F4B980 /* UIViewControllerExtension.swift */; };
		68FAC8AB1E0E120100091B50 /* main.m in Sources */ = {isa = PBXBuildFile; fileRef = 68FAC8AA1E0E120100091B50 /* main.m */; };
		68FAC8AE1E0E120100091B50 /* AppDelegate.m in Sources */ = {isa = PBXBuildFile; fileRef = 68FAC8AD1E0E120100091B50 /* AppDelegate.m */; };
		68FAC8B11E0E120100091B50 /* ViewController.m in Sources */ = {isa = PBXBuildFile; fileRef = 68FAC8B01E0E120100091B50 /* ViewController.m */; };
		68FAC8B41E0E120100091B50 /* Main.storyboard in Resources */ = {isa = PBXBuildFile; fileRef = 68FAC8B21E0E120100091B50 /* Main.storyboard */; };
		68FAC8B61E0E120100091B50 /* Assets.xcassets in Resources */ = {isa = PBXBuildFile; fileRef = 68FAC8B51E0E120100091B50 /* Assets.xcassets */; };
		68FAC8B91E0E120100091B50 /* LaunchScreen.storyboard in Resources */ = {isa = PBXBuildFile; fileRef = 68FAC8B71E0E120100091B50 /* LaunchScreen.storyboard */; };
		68FAC8C41E0E120100091B50 /* MVCOfReadableCodeTests.m in Sources */ = {isa = PBXBuildFile; fileRef = 68FAC8C31E0E120100091B50 /* MVCOfReadableCodeTests.m */; };
		68FAC8CF1E0E120100091B50 /* MVCOfReadableCodeUITests.m in Sources */ = {isa = PBXBuildFile; fileRef = 68FAC8CE1E0E120100091B50 /* MVCOfReadableCodeUITests.m */; };
		68FAC8E21E0E12C100091B50 /* PostViewController.m in Sources */ = {isa = PBXBuildFile; fileRef = 68FAC8E11E0E12C100091B50 /* PostViewController.m */; };
		68FAC9471E0E6BF900091B50 /* PostView.m in Sources */ = {isa = PBXBuildFile; fileRef = 68FAC9321E0E6BF900091B50 /* PostView.m */; };
		68FAC9531E0EAE5300091B50 /* UIButtonAdditions.m in Sources */ = {isa = PBXBuildFile; fileRef = 68FAC9521E0EAE5300091B50 /* UIButtonAdditions.m */; };
		68FAC9571E0EAE9000091B50 /* UIView+Layout.m in Sources */ = {isa = PBXBuildFile; fileRef = 68FAC9561E0EAE9000091B50 /* UIView+Layout.m */; };
		9EBF533FA3F65F06A91DBCFD /* libPods-MVCOfReadableCode.a in Frameworks */ = {isa = PBXBuildFile; fileRef = 5305657525076312D1FC3F2F /* libPods-MVCOfReadableCode.a */; };
/* End PBXBuildFile section */

/* Begin PBXContainerItemProxy section */
		68FAC8C01E0E120100091B50 /* PBXContainerItemProxy */ = {
			isa = PBXContainerItemProxy;
			containerPortal = 68FAC89E1E0E120100091B50 /* Project object */;
			proxyType = 1;
			remoteGlobalIDString = 68FAC8A51E0E120100091B50;
			remoteInfo = MVCOfReadableCode;
		};
		68FAC8CB1E0E120100091B50 /* PBXContainerItemProxy */ = {
			isa = PBXContainerItemProxy;
			containerPortal = 68FAC89E1E0E120100091B50 /* Project object */;
			proxyType = 1;
			remoteGlobalIDString = 68FAC8A51E0E120100091B50;
			remoteInfo = MVCOfReadableCode;
		};
/* End PBXContainerItemProxy section */

/* Begin PBXFileReference section */
		5305657525076312D1FC3F2F /* libPods-MVCOfReadableCode.a */ = {isa = PBXFileReference; explicitFileType = archive.ar; includeInIndex = 0; path = "libPods-MVCOfReadableCode.a"; sourceTree = BUILT_PRODUCTS_DIR; };
		5C8163F4B337690EC14E1971 /* Pods-MVCOfReadableCode.debug.xcconfig */ = {isa = PBXFileReference; includeInIndex = 1; lastKnownFileType = text.xcconfig; name = "Pods-MVCOfReadableCode.debug.xcconfig"; path = "Pods/Target Support Files/Pods-MVCOfReadableCode/Pods-MVCOfReadableCode.debug.xcconfig"; sourceTree = "<group>"; };
		6802D5A61E2E148400407EE1 /* TXFoundationDefines.h */ = {isa = PBXFileReference; fileEncoding = 4; lastKnownFileType = sourcecode.c.h; path = TXFoundationDefines.h; sourceTree = "<group>"; };
		6802D5AB1E2E217400407EE1 /* UILabel+Create.h */ = {isa = PBXFileReference; fileEncoding = 4; lastKnownFileType = sourcecode.c.h; path = "UILabel+Create.h"; sourceTree = "<group>"; };
		6802D5AC1E2E217400407EE1 /* UILabel+Create.m */ = {isa = PBXFileReference; fileEncoding = 4; lastKnownFileType = sourcecode.c.objc; path = "UILabel+Create.m"; sourceTree = "<group>"; };
		6802D5AF1E2EB1AB00407EE1 /* TXImageView.h */ = {isa = PBXFileReference; fileEncoding = 4; lastKnownFileType = sourcecode.c.h; path = TXImageView.h; sourceTree = "<group>"; };
		6802D5B01E2EB1AB00407EE1 /* TXImageView.m */ = {isa = PBXFileReference; fileEncoding = 4; lastKnownFileType = sourcecode.c.objc; path = TXImageView.m; sourceTree = "<group>"; };
		6802D5B31E2EB49D00407EE1 /* TXUILayout.h */ = {isa = PBXFileReference; fileEncoding = 4; lastKnownFileType = sourcecode.c.h; path = TXUILayout.h; sourceTree = "<group>"; };
		6802D5B41E2EB49D00407EE1 /* TXUILayout.m */ = {isa = PBXFileReference; fileEncoding = 4; lastKnownFileType = sourcecode.c.objc; path = TXUILayout.m; sourceTree = "<group>"; };
		6802D5B81E2EB6C400407EE1 /* TXCollectionViewImageCell.h */ = {isa = PBXFileReference; fileEncoding = 4; lastKnownFileType = sourcecode.c.h; path = TXCollectionViewImageCell.h; sourceTree = "<group>"; };
		6802D5B91E2EB6C400407EE1 /* TXCollectionViewImageCell.m */ = {isa = PBXFileReference; fileEncoding = 4; lastKnownFileType = sourcecode.c.objc; path = TXCollectionViewImageCell.m; sourceTree = "<group>"; };
		6883EA041E2D7609004ADB8A /* PostImagesView.h */ = {isa = PBXFileReference; fileEncoding = 4; lastKnownFileType = sourcecode.c.h; path = PostImagesView.h; sourceTree = "<group>"; };
		6883EA051E2D7609004ADB8A /* PostImagesView.m */ = {isa = PBXFileReference; fileEncoding = 4; lastKnownFileType = sourcecode.c.objc; path = PostImagesView.m; sourceTree = "<group>"; };
		6883EA081E2D7609004ADB8A /* PostDetailView.h */ = {isa = PBXFileReference; fileEncoding = 4; lastKnownFileType = sourcecode.c.h; path = PostDetailView.h; sourceTree = "<group>"; };
		6883EA091E2D7609004ADB8A /* PostDetailView.m */ = {isa = PBXFileReference; fileEncoding = 4; lastKnownFileType = sourcecode.c.objc; path = PostDetailView.m; sourceTree = "<group>"; };
		6883EA0B1E2D7609004ADB8A /* PostUserInfoView.h */ = {isa = PBXFileReference; fileEncoding = 4; lastKnownFileType = sourcecode.c.h; path = PostUserInfoView.h; sourceTree = "<group>"; };
		6883EA0C1E2D7609004ADB8A /* PostUserInfoView.m */ = {isa = PBXFileReference; fileEncoding = 4; lastKnownFileType = sourcecode.c.objc; path = PostUserInfoView.m; sourceTree = "<group>"; };
		6883EA0E1E2D7609004ADB8A /* PostContentView.h */ = {isa = PBXFileReference; fileEncoding = 4; lastKnownFileType = sourcecode.c.h; path = PostContentView.h; sourceTree = "<group>"; };
		6883EA0F1E2D7609004ADB8A /* PostContentView.m */ = {isa = PBXFileReference; fileEncoding = 4; lastKnownFileType = sourcecode.c.objc; path = PostContentView.m; sourceTree = "<group>"; };
		6883EA111E2D7609004ADB8A /* PostUserLikesView.h */ = {isa = PBXFileReference; fileEncoding = 4; lastKnownFileType = sourcecode.c.h; path = PostUserLikesView.h; sourceTree = "<group>"; };
		6883EA121E2D7609004ADB8A /* PostUserLikesView.m */ = {isa = PBXFileReference; fileEncoding = 4; lastKnownFileType = sourcecode.c.objc; path = PostUserLikesView.m; sourceTree = "<group>"; };
		6883EA341E2DB01B004ADB8A /* PostActionView.h */ = {isa = PBXFileReference; fileEncoding = 4; lastKnownFileType = sourcecode.c.h; path = PostActionView.h; sourceTree = "<group>"; };
		6883EA351E2DB01B004ADB8A /* PostActionView.m */ = {isa = PBXFileReference; fileEncoding = 4; lastKnownFileType = sourcecode.c.objc; path = PostActionView.m; sourceTree = "<group>"; };
		6883EA371E2DC960004ADB8A /* PostDetailDescView.h */ = {isa = PBXFileReference; fileEncoding = 4; lastKnownFileType = sourcecode.c.h; path = PostDetailDescView.h; sourceTree = "<group>"; };
		6883EA381E2DC960004ADB8A /* PostDetailDescView.m */ = {isa = PBXFileReference; fileEncoding = 4; lastKnownFileType = sourcecode.c.objc; path = PostDetailDescView.m; sourceTree = "<group>"; };
		6883EA3A1E2DE5C6004ADB8A /* PostActionTableViewCell.h */ = {isa = PBXFileReference; fileEncoding = 4; lastKnownFileType = sourcecode.c.h; path = PostActionTableViewCell.h; sourceTree = "<group>"; };
		6883EA3B1E2DE5C6004ADB8A /* PostActionTableViewCell.m */ = {isa = PBXFileReference; fileEncoding = 4; lastKnownFileType = sourcecode.c.objc; path = PostActionTableViewCell.m; sourceTree = "<group>"; };
		6883EA3D1E2DE5FD004ADB8A /* PostUserLikesTableViewCell.h */ = {isa = PBXFileReference; fileEncoding = 4; lastKnownFileType = sourcecode.c.h; path = PostUserLikesTableViewCell.h; sourceTree = "<group>"; };
		6883EA3E1E2DE5FD004ADB8A /* PostUserLikesTableViewCell.m */ = {isa = PBXFileReference; fileEncoding = 4; lastKnownFileType = sourcecode.c.objc; path = PostUserLikesTableViewCell.m; sourceTree = "<group>"; };
		6883EA401E2DE617004ADB8A /* PostCommentTableViewCell.h */ = {isa = PBXFileReference; fileEncoding = 4; lastKnownFileType = sourcecode.c.h; path = PostCommentTableViewCell.h; sourceTree = "<group>"; };
		6883EA411E2DE617004ADB8A /* PostCommentTableViewCell.m */ = {isa = PBXFileReference; fileEncoding = 4; lastKnownFileType = sourcecode.c.objc; path = PostCommentTableViewCell.m; sourceTree = "<group>"; };
		6883EA431E2DE9E8004ADB8A /* UIView+Subviews.h */ = {isa = PBXFileReference; fileEncoding = 4; lastKnownFileType = sourcecode.c.h; path = "UIView+Subviews.h"; sourceTree = "<group>"; };
		6883EA441E2DE9E8004ADB8A /* UIView+Subviews.m */ = {isa = PBXFileReference; fileEncoding = 4; lastKnownFileType = sourcecode.c.objc; path = "UIView+Subviews.m"; sourceTree = "<group>"; };
		6883EA461E2E0BBD004ADB8A /* PostViewTypes.h */ = {isa = PBXFileReference; lastKnownFileType = sourcecode.c.h; path = PostViewTypes.h; sourceTree = "<group>"; };
		68BAC1AC1E2EC55100F4B980 /* TXUINSDictionaryKey.h */ = {isa = PBXFileReference; fileEncoding = 4; lastKnownFileType = sourcecode.c.h; path = TXUINSDictionaryKey.h; sourceTree = "<group>"; };
		68BAC1AD1E2EC55100F4B980 /* TXUINSDictionaryKey.m */ = {isa = PBXFileReference; fileEncoding = 4; lastKnownFileType = sourcecode.c.objc; path = TXUINSDictionaryKey.m; sourceTree = "<group>"; };
		68BAC1B01E2EC69000F4B980 /* TXUIKit.h */ = {isa = PBXFileReference; lastKnownFileType = sourcecode.c.h; path = TXUIKit.h; sourceTree = "<group>"; };
		68BAC1B21E2EC72D00F4B980 /* TXFoundation.h */ = {isa = PBXFileReference; lastKnownFileType = sourcecode.c.h; path = TXFoundation.h; sourceTree = "<group>"; };
		68BAC1B61E2EF99300F4B980 /* TXEmojiKeyboardDownloadEmojiView.h */ = {isa = PBXFileReference; fileEncoding = 4; lastKnownFileType = sourcecode.c.h; path = TXEmojiKeyboardDownloadEmojiView.h; sourceTree = "<group>"; };
		68BAC1B71E2EF99300F4B980 /* TXEmojiKeyboardDownloadEmojiView.m */ = {isa = PBXFileReference; fileEncoding = 4; lastKnownFileType = sourcecode.c.objc; path = TXEmojiKeyboardDownloadEmojiView.m; sourceTree = "<group>"; };
		68BAC1BC1E2EF99300F4B980 /* TXEmojiKeyboardEmojiView.h */ = {isa = PBXFileReference; fileEncoding = 4; lastKnownFileType = sourcecode.c.h; path = TXEmojiKeyboardEmojiView.h; sourceTree = "<group>"; };
		68BAC1BD1E2EF99300F4B980 /* TXEmojiKeyboardEmojiView.m */ = {isa = PBXFileReference; fileEncoding = 4; lastKnownFileType = sourcecode.c.objc; path = TXEmojiKeyboardEmojiView.m; sourceTree = "<group>"; };
		68BAC1BF1E2EF99300F4B980 /* TXEmojiKeyboardInputEmojiPanelView.h */ = {isa = PBXFileReference; fileEncoding = 4; lastKnownFileType = sourcecode.c.h; path = TXEmojiKeyboardInputEmojiPanelView.h; sourceTree = "<group>"; };
		68BAC1C01E2EF99300F4B980 /* TXEmojiKeyboardInputEmojiPanelView.m */ = {isa = PBXFileReference; fileEncoding = 4; lastKnownFileType = sourcecode.c.objc; path = TXEmojiKeyboardInputEmojiPanelView.m; sourceTree = "<group>"; };
		68BAC1C21E2EF99300F4B980 /* TXEmojiKeyboardView.h */ = {isa = PBXFileReference; fileEncoding = 4; lastKnownFileType = sourcecode.c.h; path = TXEmojiKeyboardView.h; sourceTree = "<group>"; };
		68BAC1C31E2EF99300F4B980 /* TXEmojiKeyboardView.m */ = {isa = PBXFileReference; fileEncoding = 4; lastKnownFileType = sourcecode.c.objc; path = TXEmojiKeyboardView.m; sourceTree = "<group>"; };
		68BAC1C51E2EF99300F4B980 /* TXEmojiKeyboardInputTextToolbarView.h */ = {isa = PBXFileReference; fileEncoding = 4; lastKnownFileType = sourcecode.c.h; path = TXEmojiKeyboardInputTextToolbarView.h; sourceTree = "<group>"; };
		68BAC1C61E2EF99300F4B980 /* TXEmojiKeyboardInputTextToolbarView.m */ = {isa = PBXFileReference; fileEncoding = 4; lastKnownFileType = sourcecode.c.objc; path = TXEmojiKeyboardInputTextToolbarView.m; sourceTree = "<group>"; };
		68BAC1D21E2EFD2F00F4B980 /* TXEmojiKeyboardSwitchEmojiView.h */ = {isa = PBXFileReference; fileEncoding = 4; lastKnownFileType = sourcecode.c.h; path = TXEmojiKeyboardSwitchEmojiView.h; sourceTree = "<group>"; };
		68BAC1D31E2EFD2F00F4B980 /* TXEmojiKeyboardSwitchEmojiView.m */ = {isa = PBXFileReference; fileEncoding = 4; lastKnownFileType = sourcecode.c.objc; path = TXEmojiKeyboardSwitchEmojiView.m; sourceTree = "<group>"; };
		68BAC1D51E2F07F800F4B980 /* TXCollectionViewTitleLabelCell.h */ = {isa = PBXFileReference; fileEncoding = 4; lastKnownFileType = sourcecode.c.h; path = TXCollectionViewTitleLabelCell.h; sourceTree = "<group>"; };
		68BAC1D61E2F07F800F4B980 /* TXCollectionViewTitleLabelCell.m */ = {isa = PBXFileReference; fileEncoding = 4; lastKnownFileType = sourcecode.c.objc; path = TXCollectionViewTitleLabelCell.m; sourceTree = "<group>"; };
		68BAC1D81E2F0A0400F4B980 /* CommentBLL.h */ = {isa = PBXFileReference; fileEncoding = 4; lastKnownFileType = sourcecode.c.h; path = CommentBLL.h; sourceTree = "<group>"; };
		68BAC1D91E2F0A0400F4B980 /* CommentBLL.m */ = {isa = PBXFileReference; fileEncoding = 4; lastKnownFileType = sourcecode.c.objc; path = CommentBLL.m; sourceTree = "<group>"; };
		68BAC1DB1E2F0A0F00F4B980 /* PostBLL.h */ = {isa = PBXFileReference; fileEncoding = 4; lastKnownFileType = sourcecode.c.h; path = PostBLL.h; sourceTree = "<group>"; };
		68BAC1DC1E2F0A0F00F4B980 /* PostBLL.m */ = {isa = PBXFileReference; fileEncoding = 4; lastKnownFileType = sourcecode.c.objc; path = PostBLL.m; sourceTree = "<group>"; };
		68BAC1DE1E2F0A1D00F4B980 /* EmojiLoader.h */ = {isa = PBXFileReference; fileEncoding = 4; lastKnownFileType = sourcecode.c.h; path = EmojiLoader.h; sourceTree = "<group>"; };
		68BAC1DF1E2F0A1D00F4B980 /* EmojiLoader.m */ = {isa = PBXFileReference; fileEncoding = 4; lastKnownFileType = sourcecode.c.objc; path = EmojiLoader.m; sourceTree = "<group>"; };
		68BAC1E11E2F0AB600F4B980 /* EmojiPOD.h */ = {isa = PBXFileReference; fileEncoding = 4; lastKnownFileType = sourcecode.c.h; path = EmojiPOD.h; sourceTree = "<group>"; };
		68BAC1E21E2F0AB600F4B980 /* EmojiPOD.m */ = {isa = PBXFileReference; fileEncoding = 4; lastKnownFileType = sourcecode.c.objc; path = EmojiPOD.m; sourceTree = "<group>"; };
		68BAC1E41E2F0C5000F4B980 /* Comment.h */ = {isa = PBXFileReference; fileEncoding = 4; lastKnownFileType = sourcecode.c.h; path = Comment.h; sourceTree = "<group>"; };
		68BAC1E51E2F0C5000F4B980 /* Comment.m */ = {isa = PBXFileReference; fileEncoding = 4; lastKnownFileType = sourcecode.c.objc; path = Comment.m; sourceTree = "<group>"; };
		68BAC1EC1E2F14CC00F4B980 /* NSObject+Addiction.h */ = {isa = PBXFileReference; fileEncoding = 4; lastKnownFileType = sourcecode.c.h; path = "NSObject+Addiction.h"; sourceTree = "<group>"; };
		68BAC1ED1E2F14CC00F4B980 /* NSObject+Addiction.m */ = {isa = PBXFileReference; fileEncoding = 4; lastKnownFileType = sourcecode.c.objc; path = "NSObject+Addiction.m"; sourceTree = "<group>"; };
		68BAC1F01E2F157800F4B980 /* UITableView+Addiction.h */ = {isa = PBXFileReference; fileEncoding = 4; lastKnownFileType = sourcecode.c.h; path = "UITableView+Addiction.h"; sourceTree = "<group>"; };
		68BAC1F11E2F157800F4B980 /* UITableView+Addiction.m */ = {isa = PBXFileReference; fileEncoding = 4; lastKnownFileType = sourcecode.c.objc; path = "UITableView+Addiction.m"; sourceTree = "<group>"; };
		68BAC1FA1E2F333E00F4B980 /* User.h */ = {isa = PBXFileReference; fileEncoding = 4; lastKnownFileType = sourcecode.c.h; path = User.h; sourceTree = "<group>"; };
		68BAC1FB1E2F333E00F4B980 /* User.m */ = {isa = PBXFileReference; fileEncoding = 4; lastKnownFileType = sourcecode.c.objc; path = User.m; sourceTree = "<group>"; };
		68BAC1FF1E2F3E4A00F4B980 /* Post.h */ = {isa = PBXFileReference; fileEncoding = 4; lastKnownFileType = sourcecode.c.h; path = Post.h; sourceTree = "<group>"; };
		68BAC2001E2F3E4A00F4B980 /* Post.m */ = {isa = PBXFileReference; fileEncoding = 4; lastKnownFileType = sourcecode.c.objc; path = Post.m; sourceTree = "<group>"; };
		68BAC2041E2F3F2800F4B980 /* BKDefines.h */ = {isa = PBXFileReference; fileEncoding = 4; lastKnownFileType = sourcecode.c.h; path = BKDefines.h; sourceTree = "<group>"; };
		68BAC2051E2F3F2800F4B980 /* NSArray+BlocksKit.h */ = {isa = PBXFileReference; fileEncoding = 4; lastKnownFileType = sourcecode.c.h; path = "NSArray+BlocksKit.h"; sourceTree = "<group>"; };
		68BAC2061E2F3F2800F4B980 /* NSArray+BlocksKit.m */ = {isa = PBXFileReference; fileEncoding = 4; lastKnownFileType = sourcecode.c.objc; path = "NSArray+BlocksKit.m"; sourceTree = "<group>"; };
		68BAC2081E2F3F2800F4B980 /* NSDictionary+BlocksKit.h */ = {isa = PBXFileReference; fileEncoding = 4; lastKnownFileType = sourcecode.c.h; path = "NSDictionary+BlocksKit.h"; sourceTree = "<group>"; };
		68BAC2091E2F3F2800F4B980 /* NSDictionary+BlocksKit.m */ = {isa = PBXFileReference; fileEncoding = 4; lastKnownFileType = sourcecode.c.objc; path = "NSDictionary+BlocksKit.m"; sourceTree = "<group>"; };
		68BAC20D1E2F454000F4B980 /* ViewEventsHandler.h */ = {isa = PBXFileReference; fileEncoding = 4; lastKnownFileType = sourcecode.c.h; path = ViewEventsHandler.h; sourceTree = "<group>"; };
		68BAC20E1E2F454000F4B980 /* ViewEventsHandler.m */ = {isa = PBXFileReference; fileEncoding = 4; lastKnownFileType = sourcecode.c.objc; path = ViewEventsHandler.m; sourceTree = "<group>"; };
		68BAC20F1E2F454000F4B980 /* ViewEventsParamPOD.h */ = {isa = PBXFileReference; fileEncoding = 4; lastKnownFileType = sourcecode.c.h; path = ViewEventsParamPOD.h; sourceTree = "<group>"; };
		68BAC2101E2F454000F4B980 /* ViewEventsParamPOD.m */ = {isa = PBXFileReference; fileEncoding = 4; lastKnownFileType = sourcecode.c.objc; path = ViewEventsParamPOD.m; sourceTree = "<group>"; };
		68BAC21D1E2F4DFC00F4B980 /* RACSignal+UIActionSheet.h */ = {isa = PBXFileReference; fileEncoding = 4; lastKnownFileType = sourcecode.c.h; path = "RACSignal+UIActionSheet.h"; sourceTree = "<group>"; };
		68BAC21E1E2F4DFC00F4B980 /* RACSignal+UIActionSheet.m */ = {isa = PBXFileReference; fileEncoding = 4; lastKnownFileType = sourcecode.c.objc; path = "RACSignal+UIActionSheet.m"; sourceTree = "<group>"; };
		68BAC2201E2F4E0C00F4B980 /* RACSignal+MBProgressHUD.h */ = {isa = PBXFileReference; fileEncoding = 4; lastKnownFileType = sourcecode.c.h; path = "RACSignal+MBProgressHUD.h"; sourceTree = "<group>"; };
		68BAC2211E2F4E0C00F4B980 /* RACSignal+MBProgressHUD.m */ = {isa = PBXFileReference; fileEncoding = 4; lastKnownFileType = sourcecode.c.objc; path = "RACSignal+MBProgressHUD.m"; sourceTree = "<group>"; };
		68BAC22F1E2F516600F4B980 /* MVCOfReadableCode-Bridging-Header.h */ = {isa = PBXFileReference; lastKnownFileType = sourcecode.c.h; path = "MVCOfReadableCode-Bridging-Header.h"; sourceTree = "<group>"; };
		68BAC2301E2F516600F4B980 /* UIViewControllerExtension.swift */ = {isa = PBXFileReference; fileEncoding = 4; lastKnownFileType = sourcecode.swift; path = UIViewControllerExtension.swift; sourceTree = "<group>"; };
		68FAC8A61E0E120100091B50 /* MVCOfReadableCode.app */ = {isa = PBXFileReference; explicitFileType = wrapper.application; includeInIndex = 0; path = MVCOfReadableCode.app; sourceTree = BUILT_PRODUCTS_DIR; };
		68FAC8AA1E0E120100091B50 /* main.m */ = {isa = PBXFileReference; lastKnownFileType = sourcecode.c.objc; path = main.m; sourceTree = "<group>"; };
		68FAC8AC1E0E120100091B50 /* AppDelegate.h */ = {isa = PBXFileReference; lastKnownFileType = sourcecode.c.h; path = AppDelegate.h; sourceTree = "<group>"; };
		68FAC8AD1E0E120100091B50 /* AppDelegate.m */ = {isa = PBXFileReference; lastKnownFileType = sourcecode.c.objc; path = AppDelegate.m; sourceTree = "<group>"; };
		68FAC8AF1E0E120100091B50 /* ViewController.h */ = {isa = PBXFileReference; lastKnownFileType = sourcecode.c.h; path = ViewController.h; sourceTree = "<group>"; };
		68FAC8B01E0E120100091B50 /* ViewController.m */ = {isa = PBXFileReference; lastKnownFileType = sourcecode.c.objc; path = ViewController.m; sourceTree = "<group>"; };
		68FAC8B31E0E120100091B50 /* Base */ = {isa = PBXFileReference; lastKnownFileType = file.storyboard; name = Base; path = Base.lproj/Main.storyboard; sourceTree = "<group>"; };
		68FAC8B51E0E120100091B50 /* Assets.xcassets */ = {isa = PBXFileReference; lastKnownFileType = folder.assetcatalog; path = Assets.xcassets; sourceTree = "<group>"; };
		68FAC8B81E0E120100091B50 /* Base */ = {isa = PBXFileReference; lastKnownFileType = file.storyboard; name = Base; path = Base.lproj/LaunchScreen.storyboard; sourceTree = "<group>"; };
		68FAC8BA1E0E120100091B50 /* Info.plist */ = {isa = PBXFileReference; lastKnownFileType = text.plist.xml; path = Info.plist; sourceTree = "<group>"; };
		68FAC8BF1E0E120100091B50 /* MVCOfReadableCodeTests.xctest */ = {isa = PBXFileReference; explicitFileType = wrapper.cfbundle; includeInIndex = 0; path = MVCOfReadableCodeTests.xctest; sourceTree = BUILT_PRODUCTS_DIR; };
		68FAC8C31E0E120100091B50 /* MVCOfReadableCodeTests.m */ = {isa = PBXFileReference; lastKnownFileType = sourcecode.c.objc; path = MVCOfReadableCodeTests.m; sourceTree = "<group>"; };
		68FAC8C51E0E120100091B50 /* Info.plist */ = {isa = PBXFileReference; lastKnownFileType = text.plist.xml; path = Info.plist; sourceTree = "<group>"; };
		68FAC8CA1E0E120100091B50 /* MVCOfReadableCodeUITests.xctest */ = {isa = PBXFileReference; explicitFileType = wrapper.cfbundle; includeInIndex = 0; path = MVCOfReadableCodeUITests.xctest; sourceTree = BUILT_PRODUCTS_DIR; };
		68FAC8CE1E0E120100091B50 /* MVCOfReadableCodeUITests.m */ = {isa = PBXFileReference; lastKnownFileType = sourcecode.c.objc; path = MVCOfReadableCodeUITests.m; sourceTree = "<group>"; };
		68FAC8D01E0E120100091B50 /* Info.plist */ = {isa = PBXFileReference; lastKnownFileType = text.plist.xml; path = Info.plist; sourceTree = "<group>"; };
		68FAC8E01E0E12C100091B50 /* PostViewController.h */ = {isa = PBXFileReference; fileEncoding = 4; lastKnownFileType = sourcecode.c.h; path = PostViewController.h; sourceTree = "<group>"; };
		68FAC8E11E0E12C100091B50 /* PostViewController.m */ = {isa = PBXFileReference; fileEncoding = 4; lastKnownFileType = sourcecode.c.objc; path = PostViewController.m; sourceTree = "<group>"; };
		68FAC9311E0E6BF900091B50 /* PostView.h */ = {isa = PBXFileReference; fileEncoding = 4; lastKnownFileType = sourcecode.c.h; path = PostView.h; sourceTree = "<group>"; };
		68FAC9321E0E6BF900091B50 /* PostView.m */ = {isa = PBXFileReference; fileEncoding = 4; lastKnownFileType = sourcecode.c.objc; path = PostView.m; sourceTree = "<group>"; };
		68FAC9511E0EAE5300091B50 /* UIButtonAdditions.h */ = {isa = PBXFileReference; fileEncoding = 4; lastKnownFileType = sourcecode.c.h; path = UIButtonAdditions.h; sourceTree = "<group>"; };
		68FAC9521E0EAE5300091B50 /* UIButtonAdditions.m */ = {isa = PBXFileReference; fileEncoding = 4; lastKnownFileType = sourcecode.c.objc; path = UIButtonAdditions.m; sourceTree = "<group>"; };
		68FAC9551E0EAE9000091B50 /* UIView+Layout.h */ = {isa = PBXFileReference; fileEncoding = 4; lastKnownFileType = sourcecode.c.h; path = "UIView+Layout.h"; sourceTree = "<group>"; };
		68FAC9561E0EAE9000091B50 /* UIView+Layout.m */ = {isa = PBXFileReference; fileEncoding = 4; lastKnownFileType = sourcecode.c.objc; path = "UIView+Layout.m"; sourceTree = "<group>"; };
		68FAC9581E0EAF3A00091B50 /* MVCOfReadableCode.pch */ = {isa = PBXFileReference; lastKnownFileType = sourcecode.c.h; path = MVCOfReadableCode.pch; sourceTree = "<group>"; };
		7B6B05E738C60799A930CE34 /* Pods-MVCOfReadableCode.release.xcconfig */ = {isa = PBXFileReference; includeInIndex = 1; lastKnownFileType = text.xcconfig; name = "Pods-MVCOfReadableCode.release.xcconfig"; path = "Pods/Target Support Files/Pods-MVCOfReadableCode/Pods-MVCOfReadableCode.release.xcconfig"; sourceTree = "<group>"; };
/* End PBXFileReference section */

/* Begin PBXFrameworksBuildPhase section */
		68FAC8A31E0E120100091B50 /* Frameworks */ = {
			isa = PBXFrameworksBuildPhase;
			buildActionMask = 2147483647;
			files = (
				9EBF533FA3F65F06A91DBCFD /* libPods-MVCOfReadableCode.a in Frameworks */,
			);
			runOnlyForDeploymentPostprocessing = 0;
		};
		68FAC8BC1E0E120100091B50 /* Frameworks */ = {
			isa = PBXFrameworksBuildPhase;
			buildActionMask = 2147483647;
			files = (
			);
			runOnlyForDeploymentPostprocessing = 0;
		};
		68FAC8C71E0E120100091B50 /* Frameworks */ = {
			isa = PBXFrameworksBuildPhase;
			buildActionMask = 2147483647;
			files = (
			);
			runOnlyForDeploymentPostprocessing = 0;
		};
/* End PBXFrameworksBuildPhase section */

/* Begin PBXGroup section */
		62D678526010FADA8660E6E5 /* Pods */ = {
			isa = PBXGroup;
			children = (
				5C8163F4B337690EC14E1971 /* Pods-MVCOfReadableCode.debug.xcconfig */,
				7B6B05E738C60799A930CE34 /* Pods-MVCOfReadableCode.release.xcconfig */,
			);
			name = Pods;
			sourceTree = "<group>";
		};
		6802D5AE1E2EB19700407EE1 /* ImageView */ = {
			isa = PBXGroup;
			children = (
				6802D5AF1E2EB1AB00407EE1 /* TXImageView.h */,
				6802D5B01E2EB1AB00407EE1 /* TXImageView.m */,
			);
			path = ImageView;
			sourceTree = "<group>";
		};
		6802D5B21E2EB48D00407EE1 /* Layout */ = {
			isa = PBXGroup;
			children = (
				6802D5B31E2EB49D00407EE1 /* TXUILayout.h */,
				6802D5B41E2EB49D00407EE1 /* TXUILayout.m */,
			);
			path = Layout;
			sourceTree = "<group>";
		};
		6802D5B61E2EB6A000407EE1 /* UICollectionView */ = {
			isa = PBXGroup;
			children = (
				68BAC1EB1E2F134600F4B980 /* Const */,
				6802D5B71E2EB6A000407EE1 /* Cell */,
			);
			path = UICollectionView;
			sourceTree = "<group>";
		};
		6802D5B71E2EB6A000407EE1 /* Cell */ = {
			isa = PBXGroup;
			children = (
				6802D5B81E2EB6C400407EE1 /* TXCollectionViewImageCell.h */,
				6802D5B91E2EB6C400407EE1 /* TXCollectionViewImageCell.m */,
				68BAC1D51E2F07F800F4B980 /* TXCollectionViewTitleLabelCell.h */,
				68BAC1D61E2F07F800F4B980 /* TXCollectionViewTitleLabelCell.m */,
			);
			path = Cell;
			sourceTree = "<group>";
		};
		6883E9FE1E2D7077004ADB8A /* Comment */ = {
			isa = PBXGroup;
			children = (
				68BAC1D81E2F0A0400F4B980 /* CommentBLL.h */,
				68BAC1D91E2F0A0400F4B980 /* CommentBLL.m */,
				68BAC1E41E2F0C5000F4B980 /* Comment.h */,
				68BAC1E51E2F0C5000F4B980 /* Comment.m */,
			);
			path = Comment;
			sourceTree = "<group>";
		};
		6883E9FF1E2D7077004ADB8A /* Emoji */ = {
			isa = PBXGroup;
			children = (
				68BAC1DE1E2F0A1D00F4B980 /* EmojiLoader.h */,
				68BAC1DF1E2F0A1D00F4B980 /* EmojiLoader.m */,
				68BAC1E11E2F0AB600F4B980 /* EmojiPOD.h */,
				68BAC1E21E2F0AB600F4B980 /* EmojiPOD.m */,
			);
			path = Emoji;
			sourceTree = "<group>";
		};
		6883EA001E2D7077004ADB8A /* Post */ = {
			isa = PBXGroup;
			children = (
				68BAC1DB1E2F0A0F00F4B980 /* PostBLL.h */,
				68BAC1DC1E2F0A0F00F4B980 /* PostBLL.m */,
				68BAC1FF1E2F3E4A00F4B980 /* Post.h */,
				68BAC2001E2F3E4A00F4B980 /* Post.m */,
			);
			path = Post;
			sourceTree = "<group>";
		};
		6883EA011E2D7609004ADB8A /* 内容 */ = {
			isa = PBXGroup;
			children = (
				6883EA0D1E2D7609004ADB8A /* 根视图 */,
				6883EA021E2D7609004ADB8A /* 帖子详情 */,
				6883EA331E2D76F9004ADB8A /* 操作 */,
				6883EA101E2D7609004ADB8A /* 点赞 */,
				6883EA131E2D7609004ADB8A /* 评论 */,
			);
			path = "内容";
			sourceTree = "<group>";
		};
		6883EA021E2D7609004ADB8A /* 帖子详情 */ = {
			isa = PBXGroup;
			children = (
				6883EA071E2D7609004ADB8A /* 根视图 */,
				6883EA031E2D7609004ADB8A /* 图片 */,
				6883EA061E2D7609004ADB8A /* 描述 */,
				6883EA0A1E2D7609004ADB8A /* 用户信息 */,
			);
			path = "帖子详情";
			sourceTree = "<group>";
		};
		6883EA031E2D7609004ADB8A /* 图片 */ = {
			isa = PBXGroup;
			children = (
				6883EA041E2D7609004ADB8A /* PostImagesView.h */,
				6883EA051E2D7609004ADB8A /* PostImagesView.m */,
			);
			path = "图片";
			sourceTree = "<group>";
		};
		6883EA061E2D7609004ADB8A /* 描述 */ = {
			isa = PBXGroup;
			children = (
				6883EA371E2DC960004ADB8A /* PostDetailDescView.h */,
				6883EA381E2DC960004ADB8A /* PostDetailDescView.m */,
			);
			path = "描述";
			sourceTree = "<group>";
		};
		6883EA071E2D7609004ADB8A /* 根视图 */ = {
			isa = PBXGroup;
			children = (
				6883EA081E2D7609004ADB8A /* PostDetailView.h */,
				6883EA091E2D7609004ADB8A /* PostDetailView.m */,
			);
			path = "根视图";
			sourceTree = "<group>";
		};
		6883EA0A1E2D7609004ADB8A /* 用户信息 */ = {
			isa = PBXGroup;
			children = (
				6883EA0B1E2D7609004ADB8A /* PostUserInfoView.h */,
				6883EA0C1E2D7609004ADB8A /* PostUserInfoView.m */,
			);
			path = "用户信息";
			sourceTree = "<group>";
		};
		6883EA0D1E2D7609004ADB8A /* 根视图 */ = {
			isa = PBXGroup;
			children = (
				6883EA0E1E2D7609004ADB8A /* PostContentView.h */,
				6883EA0F1E2D7609004ADB8A /* PostContentView.m */,
			);
			path = "根视图";
			sourceTree = "<group>";
		};
		6883EA101E2D7609004ADB8A /* 点赞 */ = {
			isa = PBXGroup;
			children = (
				6883EA111E2D7609004ADB8A /* PostUserLikesView.h */,
				6883EA121E2D7609004ADB8A /* PostUserLikesView.m */,
				6883EA3D1E2DE5FD004ADB8A /* PostUserLikesTableViewCell.h */,
				6883EA3E1E2DE5FD004ADB8A /* PostUserLikesTableViewCell.m */,
			);
			path = "点赞";
			sourceTree = "<group>";
		};
		6883EA131E2D7609004ADB8A /* 评论 */ = {
			isa = PBXGroup;
			children = (
				6883EA401E2DE617004ADB8A /* PostCommentTableViewCell.h */,
				6883EA411E2DE617004ADB8A /* PostCommentTableViewCell.m */,
			);
			path = "评论";
			sourceTree = "<group>";
		};
		6883EA141E2D7609004ADB8A /* 评论输入 */ = {
			isa = PBXGroup;
			children = (
			);
			path = "评论输入";
			sourceTree = "<group>";
		};
		6883EA331E2D76F9004ADB8A /* 操作 */ = {
			isa = PBXGroup;
			children = (
				6883EA341E2DB01B004ADB8A /* PostActionView.h */,
				6883EA351E2DB01B004ADB8A /* PostActionView.m */,
				6883EA3A1E2DE5C6004ADB8A /* PostActionTableViewCell.h */,
				6883EA3B1E2DE5C6004ADB8A /* PostActionTableViewCell.m */,
			);
			path = "操作";
			sourceTree = "<group>";
		};
		68BAC1AB1E2EC53900F4B980 /* Const */ = {
			isa = PBXGroup;
			children = (
				68BAC1AC1E2EC55100F4B980 /* TXUINSDictionaryKey.h */,
				68BAC1AD1E2EC55100F4B980 /* TXUINSDictionaryKey.m */,
			);
			path = Const;
			sourceTree = "<group>";
		};
		68BAC1AF1E2EC68400F4B980 /* Export */ = {
			isa = PBXGroup;
			children = (
				68BAC1B01E2EC69000F4B980 /* TXUIKit.h */,
			);
			path = Export;
			sourceTree = "<group>";
		};
		68BAC1B11E2EC72100F4B980 /* Export */ = {
			isa = PBXGroup;
			children = (
				68BAC1B21E2EC72D00F4B980 /* TXFoundation.h */,
			);
			path = Export;
			sourceTree = "<group>";
		};
		68BAC1B31E2EF94300F4B980 /* Keyboard */ = {
			isa = PBXGroup;
			children = (
				68BAC2021E2F3EB300F4B980 /* Export */,
				68BAC1C11E2EF99300F4B980 /* 根视图 */,
				68BAC1B41E2EF99300F4B980 /* 表情键盘 */,
				68BAC1C41E2EF99300F4B980 /* 输入框 */,
			);
			path = Keyboard;
			sourceTree = "<group>";
		};
		68BAC1B41E2EF99300F4B980 /* 表情键盘 */ = {
			isa = PBXGroup;
			children = (
				68BAC1D11E2EFD2F00F4B980 /* 切换栏 */,
				68BAC1B51E2EF99300F4B980 /* 下载表情 */,
				68BAC1BB1E2EF99300F4B980 /* 根视图 */,
				68BAC1BE1E2EF99300F4B980 /* 表情 */,
			);
			path = "表情键盘";
			sourceTree = "<group>";
		};
		68BAC1B51E2EF99300F4B980 /* 下载表情 */ = {
			isa = PBXGroup;
			children = (
				68BAC1B61E2EF99300F4B980 /* TXEmojiKeyboardDownloadEmojiView.h */,
				68BAC1B71E2EF99300F4B980 /* TXEmojiKeyboardDownloadEmojiView.m */,
			);
			path = "下载表情";
			sourceTree = "<group>";
		};
		68BAC1BB1E2EF99300F4B980 /* 根视图 */ = {
			isa = PBXGroup;
			children = (
				68BAC1BC1E2EF99300F4B980 /* TXEmojiKeyboardEmojiView.h */,
				68BAC1BD1E2EF99300F4B980 /* TXEmojiKeyboardEmojiView.m */,
			);
			path = "根视图";
			sourceTree = "<group>";
		};
		68BAC1BE1E2EF99300F4B980 /* 表情 */ = {
			isa = PBXGroup;
			children = (
				68BAC1BF1E2EF99300F4B980 /* TXEmojiKeyboardInputEmojiPanelView.h */,
				68BAC1C01E2EF99300F4B980 /* TXEmojiKeyboardInputEmojiPanelView.m */,
			);
			path = "表情";
			sourceTree = "<group>";
		};
		68BAC1C11E2EF99300F4B980 /* 根视图 */ = {
			isa = PBXGroup;
			children = (
				68BAC1C21E2EF99300F4B980 /* TXEmojiKeyboardView.h */,
				68BAC1C31E2EF99300F4B980 /* TXEmojiKeyboardView.m */,
			);
			path = "根视图";
			sourceTree = "<group>";
		};
		68BAC1C41E2EF99300F4B980 /* 输入框 */ = {
			isa = PBXGroup;
			children = (
				68BAC1C51E2EF99300F4B980 /* TXEmojiKeyboardInputTextToolbarView.h */,
				68BAC1C61E2EF99300F4B980 /* TXEmojiKeyboardInputTextToolbarView.m */,
			);
			path = "输入框";
			sourceTree = "<group>";
		};
		68BAC1D11E2EFD2F00F4B980 /* 切换栏 */ = {
			isa = PBXGroup;
			children = (
				68BAC1D21E2EFD2F00F4B980 /* TXEmojiKeyboardSwitchEmojiView.h */,
				68BAC1D31E2EFD2F00F4B980 /* TXEmojiKeyboardSwitchEmojiView.m */,
			);
			path = "切换栏";
			sourceTree = "<group>";
		};
		68BAC1E71E2F0D2F00F4B980 /* User */ = {
			isa = PBXGroup;
			children = (
				68BAC1FA1E2F333E00F4B980 /* User.h */,
				68BAC1FB1E2F333E00F4B980 /* User.m */,
			);
			path = User;
			sourceTree = "<group>";
		};
		68BAC1EB1E2F134600F4B980 /* Const */ = {
			isa = PBXGroup;
			children = (
			);
			path = Const;
			sourceTree = "<group>";
		};
		68BAC1EF1E2F155E00F4B980 /* UITableView */ = {
			isa = PBXGroup;
			children = (
				68BAC2131E2F463200F4B980 /* ReactiveCocoa */,
				68BAC1F01E2F157800F4B980 /* UITableView+Addiction.h */,
				68BAC1F11E2F157800F4B980 /* UITableView+Addiction.m */,
			);
			path = UITableView;
			sourceTree = "<group>";
		};
		68BAC2021E2F3EB300F4B980 /* Export */ = {
			isa = PBXGroup;
			children = (
			);
			path = Export;
			sourceTree = "<group>";
		};
		68BAC2031E2F3F2800F4B980 /* NSArray */ = {
			isa = PBXGroup;
			children = (
				68BAC2041E2F3F2800F4B980 /* BKDefines.h */,
				68BAC2051E2F3F2800F4B980 /* NSArray+BlocksKit.h */,
				68BAC2061E2F3F2800F4B980 /* NSArray+BlocksKit.m */,
			);
			path = NSArray;
			sourceTree = "<group>";
		};
		68BAC2071E2F3F2800F4B980 /* NSDictionary */ = {
			isa = PBXGroup;
			children = (
				68BAC2081E2F3F2800F4B980 /* NSDictionary+BlocksKit.h */,
				68BAC2091E2F3F2800F4B980 /* NSDictionary+BlocksKit.m */,
			);
			path = NSDictionary;
			sourceTree = "<group>";
		};
		68BAC20C1E2F454000F4B980 /* EventProtocol */ = {
			isa = PBXGroup;
			children = (
				68BAC20D1E2F454000F4B980 /* ViewEventsHandler.h */,
				68BAC20E1E2F454000F4B980 /* ViewEventsHandler.m */,
				68BAC20F1E2F454000F4B980 /* ViewEventsParamPOD.h */,
				68BAC2101E2F454000F4B980 /* ViewEventsParamPOD.m */,
			);
			path = EventProtocol;
			sourceTree = "<group>";
		};
		68BAC2131E2F463200F4B980 /* ReactiveCocoa */ = {
			isa = PBXGroup;
			children = (
			);
			name = ReactiveCocoa;
			path = MVCOfReadableCode/TXUIKit/ReactiveCocoa;
			sourceTree = SOURCE_ROOT;
		};
		68BAC2141E2F463D00F4B980 /* ReactiveCocoa */ = {
			isa = PBXGroup;
			children = (
				68BAC21B1E2F4DFC00F4B980 /* MBProgressHUD */,
				68BAC21C1E2F4DFC00F4B980 /* UIActionSheet */,
			);
			path = ReactiveCocoa;
			sourceTree = "<group>";
		};
		68BAC21B1E2F4DFC00F4B980 /* MBProgressHUD */ = {
			isa = PBXGroup;
			children = (
				68BAC2201E2F4E0C00F4B980 /* RACSignal+MBProgressHUD.h */,
				68BAC2211E2F4E0C00F4B980 /* RACSignal+MBProgressHUD.m */,
			);
			path = MBProgressHUD;
			sourceTree = "<group>";
		};
		68BAC21C1E2F4DFC00F4B980 /* UIActionSheet */ = {
			isa = PBXGroup;
			children = (
				68BAC21D1E2F4DFC00F4B980 /* RACSignal+UIActionSheet.h */,
				68BAC21E1E2F4DFC00F4B980 /* RACSignal+UIActionSheet.m */,
			);
			path = UIActionSheet;
			sourceTree = "<group>";
		};
		68BAC22B1E2F512500F4B980 /* UIViewController */ = {
			isa = PBXGroup;
			children = (
				68BAC2301E2F516600F4B980 /* UIViewControllerExtension.swift */,
				68BAC22F1E2F516600F4B980 /* MVCOfReadableCode-Bridging-Header.h */,
			);
			path = UIViewController;
			sourceTree = "<group>";
		};
		68FAC89D1E0E120100091B50 = {
			isa = PBXGroup;
			children = (
				68FAC94E1E0EAE5300091B50 /* TXFoundation */,
				68FAC94F1E0EAE5300091B50 /* TXUIKit */,
				68FAC8DC1E0E12A800091B50 /* Feed */,
				68FAC8A81E0E120100091B50 /* MVCOfReadableCode */,
				68FAC8C21E0E120100091B50 /* MVCOfReadableCodeTests */,
				68FAC8CD1E0E120100091B50 /* MVCOfReadableCodeUITests */,
				68FAC8A71E0E120100091B50 /* Products */,
				62D678526010FADA8660E6E5 /* Pods */,
				BA4E63ABB37AC9E9ADAC4DAA /* Frameworks */,
			);
			sourceTree = "<group>";
		};
		68FAC8A71E0E120100091B50 /* Products */ = {
			isa = PBXGroup;
			children = (
				68FAC8A61E0E120100091B50 /* MVCOfReadableCode.app */,
				68FAC8BF1E0E120100091B50 /* MVCOfReadableCodeTests.xctest */,
				68FAC8CA1E0E120100091B50 /* MVCOfReadableCodeUITests.xctest */,
			);
			name = Products;
			sourceTree = "<group>";
		};
		68FAC8A81E0E120100091B50 /* MVCOfReadableCode */ = {
			isa = PBXGroup;
			children = (
				68FAC8AC1E0E120100091B50 /* AppDelegate.h */,
				68FAC8AD1E0E120100091B50 /* AppDelegate.m */,
				68FAC8AF1E0E120100091B50 /* ViewController.h */,
				68FAC8B01E0E120100091B50 /* ViewController.m */,
				68FAC9581E0EAF3A00091B50 /* MVCOfReadableCode.pch */,
				68FAC8B21E0E120100091B50 /* Main.storyboard */,
				68FAC8B51E0E120100091B50 /* Assets.xcassets */,
				68FAC8B71E0E120100091B50 /* LaunchScreen.storyboard */,
				68FAC8BA1E0E120100091B50 /* Info.plist */,
				68FAC8A91E0E120100091B50 /* Supporting Files */,
			);
			path = MVCOfReadableCode;
			sourceTree = "<group>";
		};
		68FAC8A91E0E120100091B50 /* Supporting Files */ = {
			isa = PBXGroup;
			children = (
				68FAC8AA1E0E120100091B50 /* main.m */,
			);
			name = "Supporting Files";
			sourceTree = "<group>";
		};
		68FAC8C21E0E120100091B50 /* MVCOfReadableCodeTests */ = {
			isa = PBXGroup;
			children = (
				68FAC8C31E0E120100091B50 /* MVCOfReadableCodeTests.m */,
				68FAC8C51E0E120100091B50 /* Info.plist */,
			);
			path = MVCOfReadableCodeTests;
			sourceTree = "<group>";
		};
		68FAC8CD1E0E120100091B50 /* MVCOfReadableCodeUITests */ = {
			isa = PBXGroup;
			children = (
				68FAC8CE1E0E120100091B50 /* MVCOfReadableCodeUITests.m */,
				68FAC8D01E0E120100091B50 /* Info.plist */,
			);
			path = MVCOfReadableCodeUITests;
			sourceTree = "<group>";
		};
		68FAC8DC1E0E12A800091B50 /* Feed */ = {
			isa = PBXGroup;
			children = (
				68FAC8DD1E0E12A800091B50 /* Controller */,
				68FAC9271E0E6BF900091B50 /* View */,
				68FAC8DE1E0E12A800091B50 /* Model */,
			);
			name = Feed;
			path = MVCOfReadableCode/Feed;
			sourceTree = "<group>";
		};
		68FAC8DD1E0E12A800091B50 /* Controller */ = {
			isa = PBXGroup;
			children = (
				68FAC8E01E0E12C100091B50 /* PostViewController.h */,
				68FAC8E11E0E12C100091B50 /* PostViewController.m */,
			);
			path = Controller;
			sourceTree = "<group>";
		};
		68FAC8DE1E0E12A800091B50 /* Model */ = {
			isa = PBXGroup;
			children = (
				68BAC1E71E2F0D2F00F4B980 /* User */,
				6883E9FE1E2D7077004ADB8A /* Comment */,
				6883E9FF1E2D7077004ADB8A /* Emoji */,
				6883EA001E2D7077004ADB8A /* Post */,
			);
			path = Model;
			sourceTree = "<group>";
		};
		68FAC9271E0E6BF900091B50 /* View */ = {
			isa = PBXGroup;
			children = (
				68FAC9301E0E6BF900091B50 /* 根视图 */,
				6883EA011E2D7609004ADB8A /* 内容 */,
				6883EA141E2D7609004ADB8A /* 评论输入 */,
			);
			path = View;
			sourceTree = "<group>";
		};
		68FAC9301E0E6BF900091B50 /* 根视图 */ = {
			isa = PBXGroup;
			children = (
				68FAC9311E0E6BF900091B50 /* PostView.h */,
				68FAC9321E0E6BF900091B50 /* PostView.m */,
				6883EA461E2E0BBD004ADB8A /* PostViewTypes.h */,
			);
			path = "根视图";
			sourceTree = "<group>";
		};
		68FAC94E1E0EAE5300091B50 /* TXFoundation */ = {
			isa = PBXGroup;
			children = (
				68BAC1B11E2EC72100F4B980 /* Export */,
				68BAC2031E2F3F2800F4B980 /* NSArray */,
				68BAC2071E2F3F2800F4B980 /* NSDictionary */,
				6802D5A61E2E148400407EE1 /* TXFoundationDefines.h */,
				68BAC1EC1E2F14CC00F4B980 /* NSObject+Addiction.h */,
				68BAC1ED1E2F14CC00F4B980 /* NSObject+Addiction.m */,
			);
			name = TXFoundation;
			path = MVCOfReadableCode/TXFoundation;
			sourceTree = "<group>";
		};
		68FAC94F1E0EAE5300091B50 /* TXUIKit */ = {
			isa = PBXGroup;
			children = (
				68BAC1AF1E2EC68400F4B980 /* Export */,
				68BAC1B31E2EF94300F4B980 /* Keyboard */,
				68BAC20C1E2F454000F4B980 /* EventProtocol */,
				68BAC1AB1E2EC53900F4B980 /* Const */,
				6802D5B61E2EB6A000407EE1 /* UICollectionView */,
				6802D5B21E2EB48D00407EE1 /* Layout */,
				6802D5AE1E2EB19700407EE1 /* ImageView */,
				68FAC9541E0EAE9000091B50 /* UIView */,
				68FAC9501E0EAE5300091B50 /* UIButton */,
				68BAC22B1E2F512500F4B980 /* UIViewController */,
				68BAC2141E2F463D00F4B980 /* ReactiveCocoa */,
				68BAC1EF1E2F155E00F4B980 /* UITableView */,
			);
			name = TXUIKit;
			path = MVCOfReadableCode/TXUIKit;
			sourceTree = "<group>";
		};
		68FAC9501E0EAE5300091B50 /* UIButton */ = {
			isa = PBXGroup;
			children = (
				68FAC9511E0EAE5300091B50 /* UIButtonAdditions.h */,
				68FAC9521E0EAE5300091B50 /* UIButtonAdditions.m */,
			);
			path = UIButton;
			sourceTree = "<group>";
		};
		68FAC9541E0EAE9000091B50 /* UIView */ = {
			isa = PBXGroup;
			children = (
				68FAC9551E0EAE9000091B50 /* UIView+Layout.h */,
				68FAC9561E0EAE9000091B50 /* UIView+Layout.m */,
				6802D5AB1E2E217400407EE1 /* UILabel+Create.h */,
				6802D5AC1E2E217400407EE1 /* UILabel+Create.m */,
				6883EA431E2DE9E8004ADB8A /* UIView+Subviews.h */,
				6883EA441E2DE9E8004ADB8A /* UIView+Subviews.m */,
			);
			path = UIView;
			sourceTree = "<group>";
		};
		BA4E63ABB37AC9E9ADAC4DAA /* Frameworks */ = {
			isa = PBXGroup;
			children = (
				5305657525076312D1FC3F2F /* libPods-MVCOfReadableCode.a */,
			);
			name = Frameworks;
			sourceTree = "<group>";
		};
/* End PBXGroup section */

/* Begin PBXNativeTarget section */
		68FAC8A51E0E120100091B50 /* MVCOfReadableCode */ = {
			isa = PBXNativeTarget;
			buildConfigurationList = 68FAC8D31E0E120100091B50 /* Build configuration list for PBXNativeTarget "MVCOfReadableCode" */;
			buildPhases = (
				7C3F64A739BDDF649B5FB249 /* [CP] Check Pods Manifest.lock */,
				68FAC8A21E0E120100091B50 /* Sources */,
				68FAC8A31E0E120100091B50 /* Frameworks */,
				68FAC8A41E0E120100091B50 /* Resources */,
				11037F2A78D5B3FEF1A1D345 /* [CP] Embed Pods Frameworks */,
				9E7B7C7CFABE2FEE5598AC5A /* [CP] Copy Pods Resources */,
			);
			buildRules = (
			);
			dependencies = (
			);
			name = MVCOfReadableCode;
			productName = MVCOfReadableCode;
			productReference = 68FAC8A61E0E120100091B50 /* MVCOfReadableCode.app */;
			productType = "com.apple.product-type.application";
		};
		68FAC8BE1E0E120100091B50 /* MVCOfReadableCodeTests */ = {
			isa = PBXNativeTarget;
			buildConfigurationList = 68FAC8D61E0E120100091B50 /* Build configuration list for PBXNativeTarget "MVCOfReadableCodeTests" */;
			buildPhases = (
				68FAC8BB1E0E120100091B50 /* Sources */,
				68FAC8BC1E0E120100091B50 /* Frameworks */,
				68FAC8BD1E0E120100091B50 /* Resources */,
			);
			buildRules = (
			);
			dependencies = (
				68FAC8C11E0E120100091B50 /* PBXTargetDependency */,
			);
			name = MVCOfReadableCodeTests;
			productName = MVCOfReadableCodeTests;
			productReference = 68FAC8BF1E0E120100091B50 /* MVCOfReadableCodeTests.xctest */;
			productType = "com.apple.product-type.bundle.unit-test";
		};
		68FAC8C91E0E120100091B50 /* MVCOfReadableCodeUITests */ = {
			isa = PBXNativeTarget;
			buildConfigurationList = 68FAC8D91E0E120100091B50 /* Build configuration list for PBXNativeTarget "MVCOfReadableCodeUITests" */;
			buildPhases = (
				68FAC8C61E0E120100091B50 /* Sources */,
				68FAC8C71E0E120100091B50 /* Frameworks */,
				68FAC8C81E0E120100091B50 /* Resources */,
			);
			buildRules = (
			);
			dependencies = (
				68FAC8CC1E0E120100091B50 /* PBXTargetDependency */,
			);
			name = MVCOfReadableCodeUITests;
			productName = MVCOfReadableCodeUITests;
			productReference = 68FAC8CA1E0E120100091B50 /* MVCOfReadableCodeUITests.xctest */;
			productType = "com.apple.product-type.bundle.ui-testing";
		};
/* End PBXNativeTarget section */

/* Begin PBXProject section */
		68FAC89E1E0E120100091B50 /* Project object */ = {
			isa = PBXProject;
			attributes = {
				LastUpgradeCheck = 0820;
				ORGANIZATIONNAME = linjinxing;
				TargetAttributes = {
					68FAC8A51E0E120100091B50 = {
						CreatedOnToolsVersion = 8.2;
						LastSwiftMigration = 0820;
						ProvisioningStyle = Automatic;
					};
					68FAC8BE1E0E120100091B50 = {
						CreatedOnToolsVersion = 8.2;
						ProvisioningStyle = Automatic;
						TestTargetID = 68FAC8A51E0E120100091B50;
					};
					68FAC8C91E0E120100091B50 = {
						CreatedOnToolsVersion = 8.2;
						ProvisioningStyle = Automatic;
						TestTargetID = 68FAC8A51E0E120100091B50;
					};
				};
			};
			buildConfigurationList = 68FAC8A11E0E120100091B50 /* Build configuration list for PBXProject "MVCOfReadableCode" */;
			compatibilityVersion = "Xcode 3.2";
			developmentRegion = English;
			hasScannedForEncodings = 0;
			knownRegions = (
				en,
				Base,
			);
			mainGroup = 68FAC89D1E0E120100091B50;
			productRefGroup = 68FAC8A71E0E120100091B50 /* Products */;
			projectDirPath = "";
			projectRoot = "";
			targets = (
				68FAC8A51E0E120100091B50 /* MVCOfReadableCode */,
				68FAC8BE1E0E120100091B50 /* MVCOfReadableCodeTests */,
				68FAC8C91E0E120100091B50 /* MVCOfReadableCodeUITests */,
			);
		};
/* End PBXProject section */

/* Begin PBXResourcesBuildPhase section */
		68FAC8A41E0E120100091B50 /* Resources */ = {
			isa = PBXResourcesBuildPhase;
			buildActionMask = 2147483647;
			files = (
				68FAC8B91E0E120100091B50 /* LaunchScreen.storyboard in Resources */,
				68FAC8B61E0E120100091B50 /* Assets.xcassets in Resources */,
				68FAC8B41E0E120100091B50 /* Main.storyboard in Resources */,
			);
			runOnlyForDeploymentPostprocessing = 0;
		};
		68FAC8BD1E0E120100091B50 /* Resources */ = {
			isa = PBXResourcesBuildPhase;
			buildActionMask = 2147483647;
			files = (
			);
			runOnlyForDeploymentPostprocessing = 0;
		};
		68FAC8C81E0E120100091B50 /* Resources */ = {
			isa = PBXResourcesBuildPhase;
			buildActionMask = 2147483647;
			files = (
			);
			runOnlyForDeploymentPostprocessing = 0;
		};
/* End PBXResourcesBuildPhase section */

/* Begin PBXShellScriptBuildPhase section */
		11037F2A78D5B3FEF1A1D345 /* [CP] Embed Pods Frameworks */ = {
			isa = PBXShellScriptBuildPhase;
			buildActionMask = 2147483647;
			files = (
			);
			inputPaths = (
			);
			name = "[CP] Embed Pods Frameworks";
			outputPaths = (
			);
			runOnlyForDeploymentPostprocessing = 0;
			shellPath = /bin/sh;
			shellScript = "\"${SRCROOT}/Pods/Target Support Files/Pods-MVCOfReadableCode/Pods-MVCOfReadableCode-frameworks.sh\"\n";
			showEnvVarsInLog = 0;
		};
		7C3F64A739BDDF649B5FB249 /* [CP] Check Pods Manifest.lock */ = {
			isa = PBXShellScriptBuildPhase;
			buildActionMask = 2147483647;
			files = (
			);
			inputPaths = (
			);
			name = "[CP] Check Pods Manifest.lock";
			outputPaths = (
			);
			runOnlyForDeploymentPostprocessing = 0;
			shellPath = /bin/sh;
			shellScript = "diff \"${PODS_ROOT}/../Podfile.lock\" \"${PODS_ROOT}/Manifest.lock\" > /dev/null\nif [ $? != 0 ] ; then\n    # print error to STDERR\n    echo \"error: The sandbox is not in sync with the Podfile.lock. Run 'pod install' or update your CocoaPods installation.\" >&2\n    exit 1\nfi\n";
			showEnvVarsInLog = 0;
		};
		9E7B7C7CFABE2FEE5598AC5A /* [CP] Copy Pods Resources */ = {
			isa = PBXShellScriptBuildPhase;
			buildActionMask = 2147483647;
			files = (
			);
			inputPaths = (
			);
			name = "[CP] Copy Pods Resources";
			outputPaths = (
			);
			runOnlyForDeploymentPostprocessing = 0;
			shellPath = /bin/sh;
			shellScript = "\"${SRCROOT}/Pods/Target Support Files/Pods-MVCOfReadableCode/Pods-MVCOfReadableCode-resources.sh\"\n";
			showEnvVarsInLog = 0;
		};
/* End PBXShellScriptBuildPhase section */

/* Begin PBXSourcesBuildPhase section */
		68FAC8A21E0E120100091B50 /* Sources */ = {
			isa = PBXSourcesBuildPhase;
			buildActionMask = 2147483647;
			files = (
				68BAC2111E2F454000F4B980 /* ViewEventsHandler.m in Sources */,
				6883EA451E2DE9E8004ADB8A /* UIView+Subviews.m in Sources */,
				68BAC1C71E2EF99300F4B980 /* TXEmojiKeyboardDownloadEmojiView.m in Sources */,
				6883EA2C1E2D7609004ADB8A /* PostUserLikesView.m in Sources */,
				6802D5AD1E2E217400407EE1 /* UILabel+Create.m in Sources */,
				68FAC9471E0E6BF900091B50 /* PostView.m in Sources */,
				68BAC1E61E2F0C5000F4B980 /* Comment.m in Sources */,
				68BAC1DA1E2F0A0400F4B980 /* CommentBLL.m in Sources */,
				68BAC1FC1E2F333E00F4B980 /* User.m in Sources */,
				68FAC8B11E0E120100091B50 /* ViewController.m in Sources */,
				68BAC20A1E2F3F2800F4B980 /* NSArray+BlocksKit.m in Sources */,
				6883EA2B1E2D7609004ADB8A /* PostContentView.m in Sources */,
				68BAC1E31E2F0AB600F4B980 /* EmojiPOD.m in Sources */,
				68BAC2121E2F454000F4B980 /* ViewEventsParamPOD.m in Sources */,
				68BAC1CA1E2EF99300F4B980 /* TXEmojiKeyboardInputEmojiPanelView.m in Sources */,
				68BAC1DD1E2F0A0F00F4B980 /* PostBLL.m in Sources */,
				68BAC2011E2F3E4A00F4B980 /* Post.m in Sources */,
				68BAC1F21E2F157800F4B980 /* UITableView+Addiction.m in Sources */,
				6883EA391E2DC960004ADB8A /* PostDetailDescView.m in Sources */,
				6883EA281E2D7609004ADB8A /* PostImagesView.m in Sources */,
				6883EA3F1E2DE5FD004ADB8A /* PostUserLikesTableViewCell.m in Sources */,
				68FAC9531E0EAE5300091B50 /* UIButtonAdditions.m in Sources */,
				68BAC1AE1E2EC55100F4B980 /* TXUINSDictionaryKey.m in Sources */,
				6883EA361E2DB01B004ADB8A /* PostActionView.m in Sources */,
				68FAC8AE1E0E120100091B50 /* AppDelegate.m in Sources */,
				68BAC21F1E2F4DFC00F4B980 /* RACSignal+UIActionSheet.m in Sources */,
				68BAC1E01E2F0A1D00F4B980 /* EmojiLoader.m in Sources */,
				68BAC20B1E2F3F2800F4B980 /* NSDictionary+BlocksKit.m in Sources */,
				68FAC8AB1E0E120100091B50 /* main.m in Sources */,
				6802D5B11E2EB1AB00407EE1 /* TXImageView.m in Sources */,
				68BAC2311E2F516600F4B980 /* UIViewControllerExtension.swift in Sources */,
				68BAC1EE1E2F14CC00F4B980 /* NSObject+Addiction.m in Sources */,
				6883EA421E2DE617004ADB8A /* PostCommentTableViewCell.m in Sources */,
				68BAC1CB1E2EF99300F4B980 /* TXEmojiKeyboardView.m in Sources */,
				68BAC1D71E2F07F800F4B980 /* TXCollectionViewTitleLabelCell.m in Sources */,
				6883EA2A1E2D7609004ADB8A /* PostUserInfoView.m in Sources */,
				6883EA3C1E2DE5C6004ADB8A /* PostActionTableViewCell.m in Sources */,
				68BAC1D41E2EFD2F00F4B980 /* TXEmojiKeyboardSwitchEmojiView.m in Sources */,
				6883EA291E2D7609004ADB8A /* PostDetailView.m in Sources */,
				6802D5BA1E2EB6C400407EE1 /* TXCollectionViewImageCell.m in Sources */,
				68BAC1C91E2EF99300F4B980 /* TXEmojiKeyboardEmojiView.m in Sources */,
				68FAC9571E0EAE9000091B50 /* UIView+Layout.m in Sources */,
				68BAC1CC1E2EF99300F4B980 /* TXEmojiKeyboardInputTextToolbarView.m in Sources */,
				68FAC8E21E0E12C100091B50 /* PostViewController.m in Sources */,
				68BAC2221E2F4E0C00F4B980 /* RACSignal+MBProgressHUD.m in Sources */,
				6802D5B51E2EB49D00407EE1 /* TXUILayout.m in Sources */,
			);
			runOnlyForDeploymentPostprocessing = 0;
		};
		68FAC8BB1E0E120100091B50 /* Sources */ = {
			isa = PBXSourcesBuildPhase;
			buildActionMask = 2147483647;
			files = (
				68FAC8C41E0E120100091B50 /* MVCOfReadableCodeTests.m in Sources */,
			);
			runOnlyForDeploymentPostprocessing = 0;
		};
		68FAC8C61E0E120100091B50 /* Sources */ = {
			isa = PBXSourcesBuildPhase;
			buildActionMask = 2147483647;
			files = (
				68FAC8CF1E0E120100091B50 /* MVCOfReadableCodeUITests.m in Sources */,
			);
			runOnlyForDeploymentPostprocessing = 0;
		};
/* End PBXSourcesBuildPhase section */

/* Begin PBXTargetDependency section */
		68FAC8C11E0E120100091B50 /* PBXTargetDependency */ = {
			isa = PBXTargetDependency;
			target = 68FAC8A51E0E120100091B50 /* MVCOfReadableCode */;
			targetProxy = 68FAC8C01E0E120100091B50 /* PBXContainerItemProxy */;
		};
		68FAC8CC1E0E120100091B50 /* PBXTargetDependency */ = {
			isa = PBXTargetDependency;
			target = 68FAC8A51E0E120100091B50 /* MVCOfReadableCode */;
			targetProxy = 68FAC8CB1E0E120100091B50 /* PBXContainerItemProxy */;
		};
/* End PBXTargetDependency section */

/* Begin PBXVariantGroup section */
		68FAC8B21E0E120100091B50 /* Main.storyboard */ = {
			isa = PBXVariantGroup;
			children = (
				68FAC8B31E0E120100091B50 /* Base */,
			);
			name = Main.storyboard;
			sourceTree = "<group>";
		};
		68FAC8B71E0E120100091B50 /* LaunchScreen.storyboard */ = {
			isa = PBXVariantGroup;
			children = (
				68FAC8B81E0E120100091B50 /* Base */,
			);
			name = LaunchScreen.storyboard;
			sourceTree = "<group>";
		};
/* End PBXVariantGroup section */

/* Begin XCBuildConfiguration section */
		68FAC8D11E0E120100091B50 /* Debug */ = {
			isa = XCBuildConfiguration;
			buildSettings = {
				ALWAYS_SEARCH_USER_PATHS = NO;
				CLANG_ANALYZER_NONNULL = YES;
				CLANG_CXX_LANGUAGE_STANDARD = "gnu++0x";
				CLANG_CXX_LIBRARY = "libc++";
				CLANG_ENABLE_MODULES = YES;
				CLANG_ENABLE_OBJC_ARC = YES;
				CLANG_WARN_BOOL_CONVERSION = YES;
				CLANG_WARN_CONSTANT_CONVERSION = YES;
				CLANG_WARN_DIRECT_OBJC_ISA_USAGE = YES_ERROR;
				CLANG_WARN_DOCUMENTATION_COMMENTS = YES;
				CLANG_WARN_EMPTY_BODY = YES;
				CLANG_WARN_ENUM_CONVERSION = YES;
				CLANG_WARN_INFINITE_RECURSION = YES;
				CLANG_WARN_INT_CONVERSION = YES;
				CLANG_WARN_OBJC_ROOT_CLASS = YES_ERROR;
				CLANG_WARN_SUSPICIOUS_MOVE = YES;
				CLANG_WARN_UNREACHABLE_CODE = YES;
				CLANG_WARN__DUPLICATE_METHOD_MATCH = YES;
				"CODE_SIGN_IDENTITY[sdk=iphoneos*]" = "iPhone Developer";
				COPY_PHASE_STRIP = NO;
				DEBUG_INFORMATION_FORMAT = dwarf;
				ENABLE_STRICT_OBJC_MSGSEND = YES;
				ENABLE_TESTABILITY = YES;
				GCC_C_LANGUAGE_STANDARD = gnu99;
				GCC_DYNAMIC_NO_PIC = NO;
				GCC_NO_COMMON_BLOCKS = YES;
				GCC_OPTIMIZATION_LEVEL = 0;
				GCC_PREPROCESSOR_DEFINITIONS = (
					"DEBUG=1",
					"$(inherited)",
				);
				GCC_WARN_64_TO_32_BIT_CONVERSION = YES;
				GCC_WARN_ABOUT_RETURN_TYPE = YES_ERROR;
				GCC_WARN_UNDECLARED_SELECTOR = YES;
				GCC_WARN_UNINITIALIZED_AUTOS = YES_AGGRESSIVE;
				GCC_WARN_UNUSED_FUNCTION = YES;
				GCC_WARN_UNUSED_VARIABLE = YES;
				IPHONEOS_DEPLOYMENT_TARGET = 10.2;
				MTL_ENABLE_DEBUG_INFO = YES;
				ONLY_ACTIVE_ARCH = YES;
				SDKROOT = iphoneos;
				TARGETED_DEVICE_FAMILY = "1,2";
			};
			name = Debug;
		};
		68FAC8D21E0E120100091B50 /* Release */ = {
			isa = XCBuildConfiguration;
			buildSettings = {
				ALWAYS_SEARCH_USER_PATHS = NO;
				CLANG_ANALYZER_NONNULL = YES;
				CLANG_CXX_LANGUAGE_STANDARD = "gnu++0x";
				CLANG_CXX_LIBRARY = "libc++";
				CLANG_ENABLE_MODULES = YES;
				CLANG_ENABLE_OBJC_ARC = YES;
				CLANG_WARN_BOOL_CONVERSION = YES;
				CLANG_WARN_CONSTANT_CONVERSION = YES;
				CLANG_WARN_DIRECT_OBJC_ISA_USAGE = YES_ERROR;
				CLANG_WARN_DOCUMENTATION_COMMENTS = YES;
				CLANG_WARN_EMPTY_BODY = YES;
				CLANG_WARN_ENUM_CONVERSION = YES;
				CLANG_WARN_INFINITE_RECURSION = YES;
				CLANG_WARN_INT_CONVERSION = YES;
				CLANG_WARN_OBJC_ROOT_CLASS = YES_ERROR;
				CLANG_WARN_SUSPICIOUS_MOVE = YES;
				CLANG_WARN_UNREACHABLE_CODE = YES;
				CLANG_WARN__DUPLICATE_METHOD_MATCH = YES;
				"CODE_SIGN_IDENTITY[sdk=iphoneos*]" = "iPhone Developer";
				COPY_PHASE_STRIP = NO;
				DEBUG_INFORMATION_FORMAT = "dwarf-with-dsym";
				ENABLE_NS_ASSERTIONS = NO;
				ENABLE_STRICT_OBJC_MSGSEND = YES;
				GCC_C_LANGUAGE_STANDARD = gnu99;
				GCC_NO_COMMON_BLOCKS = YES;
				GCC_WARN_64_TO_32_BIT_CONVERSION = YES;
				GCC_WARN_ABOUT_RETURN_TYPE = YES_ERROR;
				GCC_WARN_UNDECLARED_SELECTOR = YES;
				GCC_WARN_UNINITIALIZED_AUTOS = YES_AGGRESSIVE;
				GCC_WARN_UNUSED_FUNCTION = YES;
				GCC_WARN_UNUSED_VARIABLE = YES;
				IPHONEOS_DEPLOYMENT_TARGET = 10.2;
				MTL_ENABLE_DEBUG_INFO = NO;
				SDKROOT = iphoneos;
				TARGETED_DEVICE_FAMILY = "1,2";
				VALIDATE_PRODUCT = YES;
			};
			name = Release;
		};
		68FAC8D41E0E120100091B50 /* Debug */ = {
			isa = XCBuildConfiguration;
			baseConfigurationReference = 5C8163F4B337690EC14E1971 /* Pods-MVCOfReadableCode.debug.xcconfig */;
			buildSettings = {
				ASSETCATALOG_COMPILER_APPICON_NAME = AppIcon;
				CLANG_ENABLE_MODULES = YES;
				GCC_PRECOMPILE_PREFIX_HEADER = NO;
				GCC_PREFIX_HEADER = MVCOfReadableCode/MVCOfReadableCode.pch;
				INFOPLIST_FILE = MVCOfReadableCode/Info.plist;
				LD_RUNPATH_SEARCH_PATHS = "$(inherited) @executable_path/Frameworks";
				PRODUCT_BUNDLE_IDENTIFIER = com.linjinxing.MVCOfReadableCode;
				PRODUCT_NAME = "$(TARGET_NAME)";
				SWIFT_OBJC_BRIDGING_HEADER = "MVCOfReadableCode/TXUIKit/UIViewController/MVCOfReadableCode-Bridging-Header.h";
				SWIFT_OPTIMIZATION_LEVEL = "-Onone";
				SWIFT_VERSION = 3.0;
			};
			name = Debug;
		};
		68FAC8D51E0E120100091B50 /* Release */ = {
			isa = XCBuildConfiguration;
			baseConfigurationReference = 7B6B05E738C60799A930CE34 /* Pods-MVCOfReadableCode.release.xcconfig */;
			buildSettings = {
				ASSETCATALOG_COMPILER_APPICON_NAME = AppIcon;
				CLANG_ENABLE_MODULES = YES;
				GCC_PRECOMPILE_PREFIX_HEADER = NO;
				GCC_PREFIX_HEADER = MVCOfReadableCode/MVCOfReadableCode.pch;
				INFOPLIST_FILE = MVCOfReadableCode/Info.plist;
				LD_RUNPATH_SEARCH_PATHS = "$(inherited) @executable_path/Frameworks";
				PRODUCT_BUNDLE_IDENTIFIER = com.linjinxing.MVCOfReadableCode;
				PRODUCT_NAME = "$(TARGET_NAME)";
				SWIFT_OBJC_BRIDGING_HEADER = "MVCOfReadableCode/TXUIKit/UIViewController/MVCOfReadableCode-Bridging-Header.h";
				SWIFT_VERSION = 3.0;
			};
			name = Release;
		};
		68FAC8D71E0E120100091B50 /* Debug */ = {
			isa = XCBuildConfiguration;
			buildSettings = {
				ALWAYS_EMBED_SWIFT_STANDARD_LIBRARIES = YES;
				BUNDLE_LOADER = "$(TEST_HOST)";
				INFOPLIST_FILE = MVCOfReadableCodeTests/Info.plist;
				LD_RUNPATH_SEARCH_PATHS = "$(inherited) @executable_path/Frameworks @loader_path/Frameworks";
				PRODUCT_BUNDLE_IDENTIFIER = com.linjinxing.MVCOfReadableCodeTests;
				PRODUCT_NAME = "$(TARGET_NAME)";
				TEST_HOST = "$(BUILT_PRODUCTS_DIR)/MVCOfReadableCode.app/MVCOfReadableCode";
			};
			name = Debug;
		};
		68FAC8D81E0E120100091B50 /* Release */ = {
			isa = XCBuildConfiguration;
			buildSettings = {
				ALWAYS_EMBED_SWIFT_STANDARD_LIBRARIES = YES;
				BUNDLE_LOADER = "$(TEST_HOST)";
				INFOPLIST_FILE = MVCOfReadableCodeTests/Info.plist;
				LD_RUNPATH_SEARCH_PATHS = "$(inherited) @executable_path/Frameworks @loader_path/Frameworks";
				PRODUCT_BUNDLE_IDENTIFIER = com.linjinxing.MVCOfReadableCodeTests;
				PRODUCT_NAME = "$(TARGET_NAME)";
				TEST_HOST = "$(BUILT_PRODUCTS_DIR)/MVCOfReadableCode.app/MVCOfReadableCode";
			};
			name = Release;
		};
		68FAC8DA1E0E120100091B50 /* Debug */ = {
			isa = XCBuildConfiguration;
			buildSettings = {
				ALWAYS_EMBED_SWIFT_STANDARD_LIBRARIES = YES;
				INFOPLIST_FILE = MVCOfReadableCodeUITests/Info.plist;
				LD_RUNPATH_SEARCH_PATHS = "$(inherited) @executable_path/Frameworks @loader_path/Frameworks";
				PRODUCT_BUNDLE_IDENTIFIER = com.linjinxing.MVCOfReadableCodeUITests;
				PRODUCT_NAME = "$(TARGET_NAME)";
				TEST_TARGET_NAME = MVCOfReadableCode;
			};
			name = Debug;
		};
		68FAC8DB1E0E120100091B50 /* Release */ = {
			isa = XCBuildConfiguration;
			buildSettings = {
				ALWAYS_EMBED_SWIFT_STANDARD_LIBRARIES = YES;
				INFOPLIST_FILE = MVCOfReadableCodeUITests/Info.plist;
				LD_RUNPATH_SEARCH_PATHS = "$(inherited) @executable_path/Frameworks @loader_path/Frameworks";
				PRODUCT_BUNDLE_IDENTIFIER = com.linjinxing.MVCOfReadableCodeUITests;
				PRODUCT_NAME = "$(TARGET_NAME)";
				TEST_TARGET_NAME = MVCOfReadableCode;
			};
			name = Release;
		};
/* End XCBuildConfiguration section */

/* Begin XCConfigurationList section */
		68FAC8A11E0E120100091B50 /* Build configuration list for PBXProject "MVCOfReadableCode" */ = {
			isa = XCConfigurationList;
			buildConfigurations = (
				68FAC8D11E0E120100091B50 /* Debug */,
				68FAC8D21E0E120100091B50 /* Release */,
			);
			defaultConfigurationIsVisible = 0;
			defaultConfigurationName = Release;
		};
		68FAC8D31E0E120100091B50 /* Build configuration list for PBXNativeTarget "MVCOfReadableCode" */ = {
			isa = XCConfigurationList;
			buildConfigurations = (
				68FAC8D41E0E120100091B50 /* Debug */,
				68FAC8D51E0E120100091B50 /* Release */,
			);
			defaultConfigurationIsVisible = 0;
			defaultConfigurationName = Release;
		};
		68FAC8D61E0E120100091B50 /* Build configuration list for PBXNativeTarget "MVCOfReadableCodeTests" */ = {
			isa = XCConfigurationList;
			buildConfigurations = (
				68FAC8D71E0E120100091B50 /* Debug */,
				68FAC8D81E0E120100091B50 /* Release */,
			);
			defaultConfigurationIsVisible = 0;
			defaultConfigurationName = Release;
		};
		68FAC8D91E0E120100091B50 /* Build configuration list for PBXNativeTarget "MVCOfReadableCodeUITests" */ = {
			isa = XCConfigurationList;
			buildConfigurations = (
				68FAC8DA1E0E120100091B50 /* Debug */,
				68FAC8DB1E0E120100091B50 /* Release */,
			);
			defaultConfigurationIsVisible = 0;
			defaultConfigurationName = Release;
		};
/* End XCConfigurationList section */
	};
	rootObject = 68FAC89E1E0E120100091B50 /* Project object */;
}
